{
    "version": 3,
    "terraform_version": "0.11.11",
    "serial": 89,
    "lineage": "d2e60b36-d1c9-0ca8-beea-59cd75ca4776",
    "modules": [
        {
            "path": [
                "root"
            ],
            "outputs": {
                "Consul": {
                    "sensitive": false,
                    "type": "string",
                    "value": "http://3.89.10.46:8500"
                },
                "ElasticSearch": {
                    "sensitive": false,
                    "type": "string",
                    "value": "curl http://3.91.180.47:9200"
                },
                "Kibana": {
                    "sensitive": false,
                    "type": "string",
                    "value": "curl http://3.91.180.47:5601/app/infra#/logs"
                },
                "spree": {
                    "sensitive": false,
                    "type": "string",
                    "value": "curl http://3.80.211.77:30001"
                }
            },
            "resources": {
                "aws_iam_instance_profile.consul_auto_join": {
                    "type": "aws_iam_instance_profile",
                    "depends_on": [
                        "aws_iam_role.consul_auto_join"
                    ],
                    "primary": {
                        "id": "consul_auto_join",
                        "attributes": {
                            "arn": "arn:aws:iam::230617609085:instance-profile/consul_auto_join",
                            "create_date": "2019-03-06T08:42:42Z",
                            "id": "consul_auto_join",
                            "name": "consul_auto_join",
                            "path": "/",
                            "role": "consul_auto_join",
                            "roles.#": "1",
                            "roles.4186901782": "consul_auto_join",
                            "unique_id": "AIPAJQMQ4ILVDQUQAQFSC"
                        },
                        "meta": {},
                        "tainted": false
                    },
                    "deposed": [],
                    "provider": "provider.aws"
                },
                "aws_iam_instance_profile.k8s": {
                    "type": "aws_iam_instance_profile",
                    "depends_on": [
                        "aws_iam_role.k8s"
                    ],
                    "primary": {
                        "id": "k8s",
                        "attributes": {
                            "arn": "arn:aws:iam::230617609085:instance-profile/k8s",
                            "create_date": "2019-03-06T08:42:42Z",
                            "id": "k8s",
                            "name": "k8s",
                            "path": "/",
                            "role": "k8s",
                            "roles.#": "1",
                            "roles.1699766702": "k8s",
                            "unique_id": "AIPAITA6I6MEBOMIOIVIW"
                        },
                        "meta": {},
                        "tainted": false
                    },
                    "deposed": [],
                    "provider": "provider.aws"
                },
                "aws_iam_policy.consul_auto_join": {
                    "type": "aws_iam_policy",
                    "depends_on": [],
                    "primary": {
                        "id": "arn:aws:iam::230617609085:policy/consul_auto_join",
                        "attributes": {
                            "arn": "arn:aws:iam::230617609085:policy/consul_auto_join",
                            "description": "Allows Consul nodes to describe instances for joining",
                            "id": "arn:aws:iam::230617609085:policy/consul_auto_join",
                            "name": "consul_auto_join",
                            "path": "/",
                            "policy": "{\n  \"Version\": \"2012-10-17\",\n  \"Statement\": [\n    {\n      \"Effect\": \"Allow\",\n      \"Action\": \"ec2:DescribeInstances\",\n      \"Resource\": \"*\"\n    }\n  ]\n}\n"
                        },
                        "meta": {},
                        "tainted": false
                    },
                    "deposed": [],
                    "provider": "provider.aws"
                },
                "aws_iam_policy.k8s": {
                    "type": "aws_iam_policy",
                    "depends_on": [],
                    "primary": {
                        "id": "arn:aws:iam::230617609085:policy/k8s",
                        "attributes": {
                            "arn": "arn:aws:iam::230617609085:policy/k8s",
                            "description": "Allows k8s to create ec2, elb and DNS records",
                            "id": "arn:aws:iam::230617609085:policy/k8s",
                            "name": "k8s",
                            "path": "/",
                            "policy": "{\n  \"Version\": \"2012-10-17\",\n  \"Statement\": [\n    { \"Action\" : [\"ec2:*\"], \"Effect\": \"Allow\", \"Resource\": [\"*\"] },\n    { \"Action\" : [\"elasticloadbalancing:*\"], \"Effect\": \"Allow\", \"Resource\": [\"*\"] }\n  ]\n}\n"
                        },
                        "meta": {},
                        "tainted": false
                    },
                    "deposed": [],
                    "provider": "provider.aws"
                },
                "aws_iam_policy_attachment.consul_auto_join": {
                    "type": "aws_iam_policy_attachment",
                    "depends_on": [
                        "aws_iam_policy.consul_auto_join",
                        "aws_iam_role.consul_auto_join"
                    ],
                    "primary": {
                        "id": "consul_auto_join",
                        "attributes": {
                            "groups.#": "0",
                            "id": "consul_auto_join",
                            "name": "consul_auto_join",
                            "policy_arn": "arn:aws:iam::230617609085:policy/consul_auto_join",
                            "roles.#": "1",
                            "roles.4186901782": "consul_auto_join",
                            "users.#": "0"
                        },
                        "meta": {},
                        "tainted": false
                    },
                    "deposed": [],
                    "provider": "provider.aws"
                },
                "aws_iam_policy_attachment.k8s": {
                    "type": "aws_iam_policy_attachment",
                    "depends_on": [
                        "aws_iam_policy.k8s",
                        "aws_iam_role.k8s"
                    ],
                    "primary": {
                        "id": "k8s",
                        "attributes": {
                            "groups.#": "0",
                            "id": "k8s",
                            "name": "k8s",
                            "policy_arn": "arn:aws:iam::230617609085:policy/k8s",
                            "roles.#": "1",
                            "roles.1699766702": "k8s",
                            "users.#": "0"
                        },
                        "meta": {},
                        "tainted": false
                    },
                    "deposed": [],
                    "provider": "provider.aws"
                },
                "aws_iam_role.consul_auto_join": {
                    "type": "aws_iam_role",
                    "depends_on": [],
                    "primary": {
                        "id": "consul_auto_join",
                        "attributes": {
                            "arn": "arn:aws:iam::230617609085:role/consul_auto_join",
                            "assume_role_policy": "{\"Version\":\"2012-10-17\",\"Statement\":[{\"Sid\":\"\",\"Effect\":\"Allow\",\"Principal\":{\"Service\":\"ec2.amazonaws.com\"},\"Action\":\"sts:AssumeRole\"}]}",
                            "create_date": "2019-03-06T08:42:41Z",
                            "description": "",
                            "force_detach_policies": "false",
                            "id": "consul_auto_join",
                            "max_session_duration": "3600",
                            "name": "consul_auto_join",
                            "path": "/",
                            "tags.%": "0",
                            "unique_id": "AROAISIBBOFNUP2DKZLEY"
                        },
                        "meta": {},
                        "tainted": false
                    },
                    "deposed": [],
                    "provider": "provider.aws"
                },
                "aws_iam_role.k8s": {
                    "type": "aws_iam_role",
                    "depends_on": [],
                    "primary": {
                        "id": "k8s",
                        "attributes": {
                            "arn": "arn:aws:iam::230617609085:role/k8s",
                            "assume_role_policy": "{\"Version\":\"2012-10-17\",\"Statement\":[{\"Sid\":\"\",\"Effect\":\"Allow\",\"Principal\":{\"Service\":\"ec2.amazonaws.com\"},\"Action\":\"sts:AssumeRole\"}]}",
                            "create_date": "2019-03-06T08:42:41Z",
                            "description": "",
                            "force_detach_policies": "false",
                            "id": "k8s",
                            "max_session_duration": "3600",
                            "name": "k8s",
                            "path": "/",
                            "tags.%": "0",
                            "unique_id": "AROAJHIOY4UJHDQDS6WWO"
                        },
                        "meta": {},
                        "tainted": false
                    },
                    "deposed": [],
                    "provider": "provider.aws"
                },
                "aws_instance.ansible": {
                    "type": "aws_instance",
                    "depends_on": [
                        "aws_iam_instance_profile.consul_auto_join",
                        "aws_security_group.sg_consul",
                        "aws_security_group.sg_default",
                        "aws_subnet.public_subnet1",
                        "data.template_cloudinit_config.ansible_config"
                    ],
                    "primary": {
                        "id": "i-0d13509ae5758e7ad",
                        "attributes": {
                            "ami": "ami-0f9cf087c1f27d9b1",
                            "arn": "arn:aws:ec2:us-east-1:230617609085:instance/i-0d13509ae5758e7ad",
                            "associate_public_ip_address": "true",
                            "availability_zone": "us-east-1a",
                            "cpu_core_count": "1",
                            "cpu_threads_per_core": "1",
                            "credit_specification.#": "1",
                            "credit_specification.0.cpu_credits": "standard",
                            "disable_api_termination": "false",
                            "ebs_block_device.#": "0",
                            "ebs_optimized": "false",
                            "ephemeral_block_device.#": "0",
                            "get_password_data": "false",
                            "iam_instance_profile": "consul_auto_join",
                            "id": "i-0d13509ae5758e7ad",
                            "instance_state": "running",
                            "instance_type": "t2.micro",
                            "ipv6_addresses.#": "0",
                            "key_name": "aws_ec2",
                            "monitoring": "false",
                            "network_interface.#": "0",
                            "network_interface_id": "eni-08ae8a12cb6c88edf",
                            "password_data": "",
                            "placement_group": "",
                            "primary_network_interface_id": "eni-08ae8a12cb6c88edf",
                            "private_dns": "ip-10-0-1-249.ec2.internal",
                            "private_ip": "10.0.1.249",
                            "public_dns": "ec2-54-85-38-194.compute-1.amazonaws.com",
                            "public_ip": "54.85.38.194",
                            "root_block_device.#": "1",
                            "root_block_device.0.delete_on_termination": "true",
                            "root_block_device.0.iops": "100",
                            "root_block_device.0.volume_id": "vol-04a97c90522cca9e2",
                            "root_block_device.0.volume_size": "8",
                            "root_block_device.0.volume_type": "gp2",
                            "security_groups.#": "0",
                            "source_dest_check": "true",
                            "subnet_id": "subnet-02e77e560c457b822",
                            "tags.%": "1",
                            "tags.Name": "ansible",
                            "tenancy": "default",
                            "user_data": "41aa8744f365489ac4fca6e744c78a4b2f802669",
                            "volume_tags.%": "0",
                            "vpc_security_group_ids.#": "2",
                            "vpc_security_group_ids.1069592591": "sg-02754736b95887970",
                            "vpc_security_group_ids.221375526": "sg-05caa70a5c07a1f48"
                        },
                        "meta": {
                            "e2bfb730-ecaa-11e6-8f88-34363bc7c4c0": {
                                "create": 600000000000,
                                "delete": 1200000000000,
                                "update": 600000000000
                            },
                            "schema_version": "1"
                        },
                        "tainted": false
                    },
                    "deposed": [],
                    "provider": "provider.aws"
                },
                "aws_instance.consul.0": {
                    "type": "aws_instance",
                    "depends_on": [
                        "aws_iam_instance_profile.consul_auto_join",
                        "aws_security_group.sg_consul",
                        "aws_subnet.public_subnet1"
                    ],
                    "primary": {
                        "id": "i-089b9fe35bec4f19d",
                        "attributes": {
                            "ami": "ami-0f9cf087c1f27d9b1",
                            "arn": "arn:aws:ec2:us-east-1:230617609085:instance/i-089b9fe35bec4f19d",
                            "associate_public_ip_address": "true",
                            "availability_zone": "us-east-1a",
                            "cpu_core_count": "1",
                            "cpu_threads_per_core": "1",
                            "credit_specification.#": "1",
                            "credit_specification.0.cpu_credits": "standard",
                            "disable_api_termination": "false",
                            "ebs_block_device.#": "0",
                            "ebs_optimized": "false",
                            "ephemeral_block_device.#": "0",
                            "get_password_data": "false",
                            "iam_instance_profile": "consul_auto_join",
                            "id": "i-089b9fe35bec4f19d",
                            "instance_state": "running",
                            "instance_type": "t2.micro",
                            "ipv6_addresses.#": "0",
                            "key_name": "aws_ec2",
                            "monitoring": "false",
                            "network_interface.#": "0",
                            "network_interface_id": "eni-06c79b49f0aff514e",
                            "password_data": "",
                            "placement_group": "",
                            "primary_network_interface_id": "eni-06c79b49f0aff514e",
                            "private_dns": "ip-10-0-1-108.ec2.internal",
                            "private_ip": "10.0.1.108",
                            "public_dns": "ec2-3-89-10-46.compute-1.amazonaws.com",
                            "public_ip": "3.89.10.46",
                            "root_block_device.#": "1",
                            "root_block_device.0.delete_on_termination": "true",
                            "root_block_device.0.iops": "100",
                            "root_block_device.0.volume_id": "vol-02cb1897fb9c7b820",
                            "root_block_device.0.volume_size": "8",
                            "root_block_device.0.volume_type": "gp2",
                            "security_groups.#": "0",
                            "source_dest_check": "true",
                            "subnet_id": "subnet-02e77e560c457b822",
                            "tags.%": "2",
                            "tags.Name": "consul1",
                            "tags.consul_server": "true",
                            "tenancy": "default",
                            "user_data": "33245e6948f9e84f215dc27dd2487ac90f6bf707",
                            "volume_tags.%": "0",
                            "vpc_security_group_ids.#": "1",
                            "vpc_security_group_ids.1069592591": "sg-02754736b95887970"
                        },
                        "meta": {
                            "e2bfb730-ecaa-11e6-8f88-34363bc7c4c0": {
                                "create": 600000000000,
                                "delete": 1200000000000,
                                "update": 600000000000
                            },
                            "schema_version": "1"
                        },
                        "tainted": false
                    },
                    "deposed": [],
                    "provider": "provider.aws"
                },
                "aws_instance.consul.1": {
                    "type": "aws_instance",
                    "depends_on": [
                        "aws_iam_instance_profile.consul_auto_join",
                        "aws_security_group.sg_consul",
                        "aws_subnet.public_subnet1"
                    ],
                    "primary": {
                        "id": "i-0b377d31171fdeb17",
                        "attributes": {
                            "ami": "ami-0f9cf087c1f27d9b1",
                            "arn": "arn:aws:ec2:us-east-1:230617609085:instance/i-0b377d31171fdeb17",
                            "associate_public_ip_address": "true",
                            "availability_zone": "us-east-1a",
                            "cpu_core_count": "1",
                            "cpu_threads_per_core": "1",
                            "credit_specification.#": "1",
                            "credit_specification.0.cpu_credits": "standard",
                            "disable_api_termination": "false",
                            "ebs_block_device.#": "0",
                            "ebs_optimized": "false",
                            "ephemeral_block_device.#": "0",
                            "get_password_data": "false",
                            "iam_instance_profile": "consul_auto_join",
                            "id": "i-0b377d31171fdeb17",
                            "instance_state": "running",
                            "instance_type": "t2.micro",
                            "ipv6_addresses.#": "0",
                            "key_name": "aws_ec2",
                            "monitoring": "false",
                            "network_interface.#": "0",
                            "network_interface_id": "eni-0d60c55abdd6d54c6",
                            "password_data": "",
                            "placement_group": "",
                            "primary_network_interface_id": "eni-0d60c55abdd6d54c6",
                            "private_dns": "ip-10-0-1-10.ec2.internal",
                            "private_ip": "10.0.1.10",
                            "public_dns": "ec2-3-87-251-60.compute-1.amazonaws.com",
                            "public_ip": "3.87.251.60",
                            "root_block_device.#": "1",
                            "root_block_device.0.delete_on_termination": "true",
                            "root_block_device.0.iops": "100",
                            "root_block_device.0.volume_id": "vol-075c6460dd30e255a",
                            "root_block_device.0.volume_size": "8",
                            "root_block_device.0.volume_type": "gp2",
                            "security_groups.#": "0",
                            "source_dest_check": "true",
                            "subnet_id": "subnet-02e77e560c457b822",
                            "tags.%": "2",
                            "tags.Name": "consul2",
                            "tags.consul_server": "true",
                            "tenancy": "default",
                            "user_data": "33245e6948f9e84f215dc27dd2487ac90f6bf707",
                            "volume_tags.%": "0",
                            "vpc_security_group_ids.#": "1",
                            "vpc_security_group_ids.1069592591": "sg-02754736b95887970"
                        },
                        "meta": {
                            "e2bfb730-ecaa-11e6-8f88-34363bc7c4c0": {
                                "create": 600000000000,
                                "delete": 1200000000000,
                                "update": 600000000000
                            },
                            "schema_version": "1"
                        },
                        "tainted": false
                    },
                    "deposed": [],
                    "provider": "provider.aws"
                },
                "aws_instance.consul.2": {
                    "type": "aws_instance",
                    "depends_on": [
                        "aws_iam_instance_profile.consul_auto_join",
                        "aws_security_group.sg_consul",
                        "aws_subnet.public_subnet1"
                    ],
                    "primary": {
                        "id": "i-0dfaf99e6de7a09bf",
                        "attributes": {
                            "ami": "ami-0f9cf087c1f27d9b1",
                            "arn": "arn:aws:ec2:us-east-1:230617609085:instance/i-0dfaf99e6de7a09bf",
                            "associate_public_ip_address": "true",
                            "availability_zone": "us-east-1a",
                            "cpu_core_count": "1",
                            "cpu_threads_per_core": "1",
                            "credit_specification.#": "1",
                            "credit_specification.0.cpu_credits": "standard",
                            "disable_api_termination": "false",
                            "ebs_block_device.#": "0",
                            "ebs_optimized": "false",
                            "ephemeral_block_device.#": "0",
                            "get_password_data": "false",
                            "iam_instance_profile": "consul_auto_join",
                            "id": "i-0dfaf99e6de7a09bf",
                            "instance_state": "running",
                            "instance_type": "t2.micro",
                            "ipv6_addresses.#": "0",
                            "key_name": "aws_ec2",
                            "monitoring": "false",
                            "network_interface.#": "0",
                            "network_interface_id": "eni-0396b7feb43d2c9a2",
                            "password_data": "",
                            "placement_group": "",
                            "primary_network_interface_id": "eni-0396b7feb43d2c9a2",
                            "private_dns": "ip-10-0-1-15.ec2.internal",
                            "private_ip": "10.0.1.15",
                            "public_dns": "ec2-3-86-230-42.compute-1.amazonaws.com",
                            "public_ip": "3.86.230.42",
                            "root_block_device.#": "1",
                            "root_block_device.0.delete_on_termination": "true",
                            "root_block_device.0.iops": "100",
                            "root_block_device.0.volume_id": "vol-00744674d5092ea7d",
                            "root_block_device.0.volume_size": "8",
                            "root_block_device.0.volume_type": "gp2",
                            "security_groups.#": "0",
                            "source_dest_check": "true",
                            "subnet_id": "subnet-02e77e560c457b822",
                            "tags.%": "2",
                            "tags.Name": "consul3",
                            "tags.consul_server": "true",
                            "tenancy": "default",
                            "user_data": "33245e6948f9e84f215dc27dd2487ac90f6bf707",
                            "volume_tags.%": "0",
                            "vpc_security_group_ids.#": "1",
                            "vpc_security_group_ids.1069592591": "sg-02754736b95887970"
                        },
                        "meta": {
                            "e2bfb730-ecaa-11e6-8f88-34363bc7c4c0": {
                                "create": 600000000000,
                                "delete": 1200000000000,
                                "update": 600000000000
                            },
                            "schema_version": "1"
                        },
                        "tainted": false
                    },
                    "deposed": [],
                    "provider": "provider.aws"
                },
                "aws_instance.elk": {
                    "type": "aws_instance",
                    "depends_on": [
                        "aws_iam_instance_profile.consul_auto_join",
                        "aws_security_group.sg_consul",
                        "aws_security_group.sg_default",
                        "aws_subnet.public_subnet1"
                    ],
                    "primary": {
                        "id": "i-0a9b6379da701d4f6",
                        "attributes": {
                            "ami": "ami-0f9cf087c1f27d9b1",
                            "arn": "arn:aws:ec2:us-east-1:230617609085:instance/i-0a9b6379da701d4f6",
                            "associate_public_ip_address": "true",
                            "availability_zone": "us-east-1a",
                            "cpu_core_count": "1",
                            "cpu_threads_per_core": "2",
                            "credit_specification.#": "1",
                            "credit_specification.0.cpu_credits": "unlimited",
                            "disable_api_termination": "false",
                            "ebs_block_device.#": "0",
                            "ebs_optimized": "false",
                            "ephemeral_block_device.#": "0",
                            "get_password_data": "false",
                            "iam_instance_profile": "consul_auto_join",
                            "id": "i-0a9b6379da701d4f6",
                            "instance_state": "running",
                            "instance_type": "t3.medium",
                            "ipv6_addresses.#": "0",
                            "key_name": "aws_ec2",
                            "monitoring": "false",
                            "network_interface.#": "0",
                            "network_interface_id": "eni-0aee683b33dc27b08",
                            "password_data": "",
                            "placement_group": "",
                            "primary_network_interface_id": "eni-0aee683b33dc27b08",
                            "private_dns": "ip-10-0-1-120.ec2.internal",
                            "private_ip": "10.0.1.120",
                            "public_dns": "ec2-3-91-180-47.compute-1.amazonaws.com",
                            "public_ip": "3.91.180.47",
                            "root_block_device.#": "1",
                            "root_block_device.0.delete_on_termination": "true",
                            "root_block_device.0.iops": "100",
                            "root_block_device.0.volume_id": "vol-080addcb4c4e98ae5",
                            "root_block_device.0.volume_size": "8",
                            "root_block_device.0.volume_type": "gp2",
                            "security_groups.#": "0",
                            "source_dest_check": "true",
                            "subnet_id": "subnet-02e77e560c457b822",
                            "tags.%": "1",
                            "tags.Name": "elk",
                            "tenancy": "default",
                            "user_data": "33245e6948f9e84f215dc27dd2487ac90f6bf707",
                            "volume_tags.%": "0",
                            "vpc_security_group_ids.#": "2",
                            "vpc_security_group_ids.1069592591": "sg-02754736b95887970",
                            "vpc_security_group_ids.221375526": "sg-05caa70a5c07a1f48"
                        },
                        "meta": {
                            "e2bfb730-ecaa-11e6-8f88-34363bc7c4c0": {
                                "create": 600000000000,
                                "delete": 1200000000000,
                                "update": 600000000000
                            },
                            "schema_version": "1"
                        },
                        "tainted": false
                    },
                    "deposed": [],
                    "provider": "provider.aws"
                },
                "aws_instance.k8smaster": {
                    "type": "aws_instance",
                    "depends_on": [
                        "aws_iam_instance_profile.k8s",
                        "aws_security_group.sg_consul",
                        "aws_security_group.sg_default",
                        "aws_subnet.public_subnet1"
                    ],
                    "primary": {
                        "id": "i-01aa516faecf0c924",
                        "attributes": {
                            "ami": "ami-0f9cf087c1f27d9b1",
                            "arn": "arn:aws:ec2:us-east-1:230617609085:instance/i-01aa516faecf0c924",
                            "associate_public_ip_address": "true",
                            "availability_zone": "us-east-1a",
                            "cpu_core_count": "1",
                            "cpu_threads_per_core": "2",
                            "credit_specification.#": "1",
                            "credit_specification.0.cpu_credits": "unlimited",
                            "disable_api_termination": "false",
                            "ebs_block_device.#": "0",
                            "ebs_optimized": "false",
                            "ephemeral_block_device.#": "0",
                            "get_password_data": "false",
                            "iam_instance_profile": "k8s",
                            "id": "i-01aa516faecf0c924",
                            "instance_state": "running",
                            "instance_type": "t3.medium",
                            "ipv6_addresses.#": "0",
                            "key_name": "aws_ec2",
                            "monitoring": "false",
                            "network_interface.#": "0",
                            "network_interface_id": "eni-031012f19f149d0ae",
                            "password_data": "",
                            "placement_group": "",
                            "primary_network_interface_id": "eni-031012f19f149d0ae",
                            "private_dns": "ip-10-0-1-196.ec2.internal",
                            "private_ip": "10.0.1.196",
                            "public_dns": "ec2-3-80-211-77.compute-1.amazonaws.com",
                            "public_ip": "3.80.211.77",
                            "root_block_device.#": "1",
                            "root_block_device.0.delete_on_termination": "true",
                            "root_block_device.0.iops": "100",
                            "root_block_device.0.volume_id": "vol-0e80e90e598aadc9c",
                            "root_block_device.0.volume_size": "8",
                            "root_block_device.0.volume_type": "gp2",
                            "security_groups.#": "0",
                            "source_dest_check": "true",
                            "subnet_id": "subnet-02e77e560c457b822",
                            "tags.%": "1",
                            "tags.Name": "k8smaster1",
                            "tenancy": "default",
                            "user_data": "33245e6948f9e84f215dc27dd2487ac90f6bf707",
                            "volume_tags.%": "0",
                            "vpc_security_group_ids.#": "2",
                            "vpc_security_group_ids.1069592591": "sg-02754736b95887970",
                            "vpc_security_group_ids.221375526": "sg-05caa70a5c07a1f48"
                        },
                        "meta": {
                            "e2bfb730-ecaa-11e6-8f88-34363bc7c4c0": {
                                "create": 600000000000,
                                "delete": 1200000000000,
                                "update": 600000000000
                            },
                            "schema_version": "1"
                        },
                        "tainted": false
                    },
                    "deposed": [],
                    "provider": "provider.aws"
                },
                "aws_instance.k8snode": {
                    "type": "aws_instance",
                    "depends_on": [
                        "aws_iam_instance_profile.k8s",
                        "aws_security_group.sg_consul",
                        "aws_security_group.sg_default",
                        "aws_subnet.public_subnet1"
                    ],
                    "primary": {
                        "id": "i-0d922158d448650b2",
                        "attributes": {
                            "ami": "ami-0f9cf087c1f27d9b1",
                            "arn": "arn:aws:ec2:us-east-1:230617609085:instance/i-0d922158d448650b2",
                            "associate_public_ip_address": "true",
                            "availability_zone": "us-east-1a",
                            "cpu_core_count": "1",
                            "cpu_threads_per_core": "2",
                            "credit_specification.#": "1",
                            "credit_specification.0.cpu_credits": "unlimited",
                            "disable_api_termination": "false",
                            "ebs_block_device.#": "0",
                            "ebs_optimized": "false",
                            "ephemeral_block_device.#": "0",
                            "get_password_data": "false",
                            "iam_instance_profile": "k8s",
                            "id": "i-0d922158d448650b2",
                            "instance_state": "running",
                            "instance_type": "t3.medium",
                            "ipv6_addresses.#": "0",
                            "key_name": "aws_ec2",
                            "monitoring": "false",
                            "network_interface.#": "0",
                            "network_interface_id": "eni-0e5335ca52db24a2f",
                            "password_data": "",
                            "placement_group": "",
                            "primary_network_interface_id": "eni-0e5335ca52db24a2f",
                            "private_dns": "ip-10-0-1-254.ec2.internal",
                            "private_ip": "10.0.1.254",
                            "public_dns": "ec2-18-206-231-185.compute-1.amazonaws.com",
                            "public_ip": "18.206.231.185",
                            "root_block_device.#": "1",
                            "root_block_device.0.delete_on_termination": "true",
                            "root_block_device.0.iops": "100",
                            "root_block_device.0.volume_id": "vol-00a568d0d009eaa55",
                            "root_block_device.0.volume_size": "8",
                            "root_block_device.0.volume_type": "gp2",
                            "security_groups.#": "0",
                            "source_dest_check": "true",
                            "subnet_id": "subnet-02e77e560c457b822",
                            "tags.%": "1",
                            "tags.Name": "k8snode1",
                            "tenancy": "default",
                            "user_data": "33245e6948f9e84f215dc27dd2487ac90f6bf707",
                            "volume_tags.%": "0",
                            "vpc_security_group_ids.#": "2",
                            "vpc_security_group_ids.1069592591": "sg-02754736b95887970",
                            "vpc_security_group_ids.221375526": "sg-05caa70a5c07a1f48"
                        },
                        "meta": {
                            "e2bfb730-ecaa-11e6-8f88-34363bc7c4c0": {
                                "create": 600000000000,
                                "delete": 1200000000000,
                                "update": 600000000000
                            },
                            "schema_version": "1"
                        },
                        "tainted": false
                    },
                    "deposed": [],
                    "provider": "provider.aws"
                },
                "aws_instance.prometheus": {
                    "type": "aws_instance",
                    "depends_on": [
                        "aws_iam_instance_profile.consul_auto_join",
                        "aws_security_group.sg_consul",
                        "aws_security_group.sg_default",
                        "aws_subnet.public_subnet1"
                    ],
                    "primary": {
                        "id": "i-07cfa398f55a7e718",
                        "attributes": {
                            "ami": "ami-0f9cf087c1f27d9b1",
                            "arn": "arn:aws:ec2:us-east-1:230617609085:instance/i-07cfa398f55a7e718",
                            "associate_public_ip_address": "true",
                            "availability_zone": "us-east-1a",
                            "cpu_core_count": "1",
                            "cpu_threads_per_core": "1",
                            "credit_specification.#": "1",
                            "credit_specification.0.cpu_credits": "standard",
                            "disable_api_termination": "false",
                            "ebs_block_device.#": "0",
                            "ebs_optimized": "false",
                            "ephemeral_block_device.#": "0",
                            "get_password_data": "false",
                            "iam_instance_profile": "consul_auto_join",
                            "id": "i-07cfa398f55a7e718",
                            "instance_state": "running",
                            "instance_type": "t2.micro",
                            "ipv6_addresses.#": "0",
                            "key_name": "aws_ec2",
                            "monitoring": "false",
                            "network_interface.#": "0",
                            "network_interface_id": "eni-00816334f17449145",
                            "password_data": "",
                            "placement_group": "",
                            "primary_network_interface_id": "eni-00816334f17449145",
                            "private_dns": "ip-10-0-1-16.ec2.internal",
                            "private_ip": "10.0.1.16",
                            "public_dns": "ec2-3-82-141-28.compute-1.amazonaws.com",
                            "public_ip": "3.82.141.28",
                            "root_block_device.#": "1",
                            "root_block_device.0.delete_on_termination": "true",
                            "root_block_device.0.iops": "100",
                            "root_block_device.0.volume_id": "vol-0c3319f8994802c9e",
                            "root_block_device.0.volume_size": "8",
                            "root_block_device.0.volume_type": "gp2",
                            "security_groups.#": "0",
                            "source_dest_check": "true",
                            "subnet_id": "subnet-02e77e560c457b822",
                            "tags.%": "1",
                            "tags.Name": "prometheus",
                            "tenancy": "default",
                            "user_data": "33245e6948f9e84f215dc27dd2487ac90f6bf707",
                            "volume_tags.%": "0",
                            "vpc_security_group_ids.#": "2",
                            "vpc_security_group_ids.1069592591": "sg-02754736b95887970",
                            "vpc_security_group_ids.221375526": "sg-05caa70a5c07a1f48"
                        },
                        "meta": {
                            "e2bfb730-ecaa-11e6-8f88-34363bc7c4c0": {
                                "create": 600000000000,
                                "delete": 1200000000000,
                                "update": 600000000000
                            },
                            "schema_version": "1"
                        },
                        "tainted": false
                    },
                    "deposed": [],
                    "provider": "provider.aws"
                },
                "aws_internet_gateway.igw": {
                    "type": "aws_internet_gateway",
                    "depends_on": [
                        "aws_vpc.MyVPC"
                    ],
                    "primary": {
                        "id": "igw-00baf2e785d55e257",
                        "attributes": {
                            "id": "igw-00baf2e785d55e257",
                            "owner_id": "230617609085",
                            "tags.%": "0",
                            "vpc_id": "vpc-069a237c386c650fc"
                        },
                        "meta": {},
                        "tainted": false
                    },
                    "deposed": [],
                    "provider": "provider.aws"
                },
                "aws_route_table.rtb_public": {
                    "type": "aws_route_table",
                    "depends_on": [
                        "aws_internet_gateway.igw",
                        "aws_vpc.MyVPC"
                    ],
                    "primary": {
                        "id": "rtb-018efe64a3aaf9188",
                        "attributes": {
                            "id": "rtb-018efe64a3aaf9188",
                            "owner_id": "230617609085",
                            "propagating_vgws.#": "0",
                            "route.#": "1",
                            "route.2525486931.cidr_block": "0.0.0.0/0",
                            "route.2525486931.egress_only_gateway_id": "",
                            "route.2525486931.gateway_id": "igw-00baf2e785d55e257",
                            "route.2525486931.instance_id": "",
                            "route.2525486931.ipv6_cidr_block": "",
                            "route.2525486931.nat_gateway_id": "",
                            "route.2525486931.network_interface_id": "",
                            "route.2525486931.transit_gateway_id": "",
                            "route.2525486931.vpc_peering_connection_id": "",
                            "tags.%": "1",
                            "tags.Name": "rtb_public",
                            "vpc_id": "vpc-069a237c386c650fc"
                        },
                        "meta": {},
                        "tainted": false
                    },
                    "deposed": [],
                    "provider": "provider.aws"
                },
                "aws_route_table_association.rta-public_subnet1": {
                    "type": "aws_route_table_association",
                    "depends_on": [
                        "aws_route_table.rtb_public",
                        "aws_subnet.public_subnet1"
                    ],
                    "primary": {
                        "id": "rtbassoc-057b6f45da43a1c59",
                        "attributes": {
                            "id": "rtbassoc-057b6f45da43a1c59",
                            "route_table_id": "rtb-018efe64a3aaf9188",
                            "subnet_id": "subnet-02e77e560c457b822"
                        },
                        "meta": {},
                        "tainted": false
                    },
                    "deposed": [],
                    "provider": "provider.aws"
                },
                "aws_security_group.sg_consul": {
                    "type": "aws_security_group",
                    "depends_on": [
                        "aws_vpc.MyVPC"
                    ],
                    "primary": {
                        "id": "sg-02754736b95887970",
                        "attributes": {
                            "arn": "arn:aws:ec2:us-east-1:230617609085:security-group/sg-02754736b95887970",
                            "description": "Allow ssh \u0026 consul inbound traffic",
                            "egress.#": "1",
                            "egress.2049434831.cidr_blocks.#": "1",
                            "egress.2049434831.cidr_blocks.0": "0.0.0.0/0",
                            "egress.2049434831.description": "Allow all outside security group",
                            "egress.2049434831.from_port": "0",
                            "egress.2049434831.ipv6_cidr_blocks.#": "0",
                            "egress.2049434831.prefix_list_ids.#": "0",
                            "egress.2049434831.protocol": "-1",
                            "egress.2049434831.security_groups.#": "0",
                            "egress.2049434831.self": "false",
                            "egress.2049434831.to_port": "0",
                            "id": "sg-02754736b95887970",
                            "ingress.#": "3",
                            "ingress.3406622939.cidr_blocks.#": "1",
                            "ingress.3406622939.cidr_blocks.0": "0.0.0.0/0",
                            "ingress.3406622939.description": "Allow consul UI access from the world",
                            "ingress.3406622939.from_port": "8500",
                            "ingress.3406622939.ipv6_cidr_blocks.#": "0",
                            "ingress.3406622939.prefix_list_ids.#": "0",
                            "ingress.3406622939.protocol": "tcp",
                            "ingress.3406622939.security_groups.#": "0",
                            "ingress.3406622939.self": "false",
                            "ingress.3406622939.to_port": "8500",
                            "ingress.4044943731.cidr_blocks.#": "1",
                            "ingress.4044943731.cidr_blocks.0": "0.0.0.0/0",
                            "ingress.4044943731.description": "Allow ssh from the world",
                            "ingress.4044943731.from_port": "22",
                            "ingress.4044943731.ipv6_cidr_blocks.#": "0",
                            "ingress.4044943731.prefix_list_ids.#": "0",
                            "ingress.4044943731.protocol": "tcp",
                            "ingress.4044943731.security_groups.#": "0",
                            "ingress.4044943731.self": "false",
                            "ingress.4044943731.to_port": "22",
                            "ingress.994307033.cidr_blocks.#": "0",
                            "ingress.994307033.description": "Allow all inside security group",
                            "ingress.994307033.from_port": "0",
                            "ingress.994307033.ipv6_cidr_blocks.#": "0",
                            "ingress.994307033.prefix_list_ids.#": "0",
                            "ingress.994307033.protocol": "-1",
                            "ingress.994307033.security_groups.#": "0",
                            "ingress.994307033.self": "true",
                            "ingress.994307033.to_port": "0",
                            "name": "sg_consul",
                            "owner_id": "230617609085",
                            "revoke_rules_on_delete": "false",
                            "tags.%": "0",
                            "vpc_id": "vpc-069a237c386c650fc"
                        },
                        "meta": {
                            "e2bfb730-ecaa-11e6-8f88-34363bc7c4c0": {
                                "create": 600000000000,
                                "delete": 600000000000
                            },
                            "schema_version": "1"
                        },
                        "tainted": false
                    },
                    "deposed": [],
                    "provider": "provider.aws"
                },
                "aws_security_group.sg_default": {
                    "type": "aws_security_group",
                    "depends_on": [
                        "aws_vpc.MyVPC"
                    ],
                    "primary": {
                        "id": "sg-05caa70a5c07a1f48",
                        "attributes": {
                            "arn": "arn:aws:ec2:us-east-1:230617609085:security-group/sg-05caa70a5c07a1f48",
                            "description": "Managed by Terraform",
                            "egress.#": "1",
                            "egress.482069346.cidr_blocks.#": "1",
                            "egress.482069346.cidr_blocks.0": "0.0.0.0/0",
                            "egress.482069346.description": "",
                            "egress.482069346.from_port": "0",
                            "egress.482069346.ipv6_cidr_blocks.#": "0",
                            "egress.482069346.prefix_list_ids.#": "0",
                            "egress.482069346.protocol": "-1",
                            "egress.482069346.security_groups.#": "0",
                            "egress.482069346.self": "false",
                            "egress.482069346.to_port": "0",
                            "id": "sg-05caa70a5c07a1f48",
                            "ingress.#": "12",
                            "ingress.1554279869.cidr_blocks.#": "1",
                            "ingress.1554279869.cidr_blocks.0": "0.0.0.0/0",
                            "ingress.1554279869.description": "",
                            "ingress.1554279869.from_port": "30001",
                            "ingress.1554279869.ipv6_cidr_blocks.#": "0",
                            "ingress.1554279869.prefix_list_ids.#": "0",
                            "ingress.1554279869.protocol": "tcp",
                            "ingress.1554279869.security_groups.#": "0",
                            "ingress.1554279869.self": "false",
                            "ingress.1554279869.to_port": "30001",
                            "ingress.1746620816.cidr_blocks.#": "1",
                            "ingress.1746620816.cidr_blocks.0": "0.0.0.0/0",
                            "ingress.1746620816.description": "",
                            "ingress.1746620816.from_port": "9100",
                            "ingress.1746620816.ipv6_cidr_blocks.#": "0",
                            "ingress.1746620816.prefix_list_ids.#": "0",
                            "ingress.1746620816.protocol": "tcp",
                            "ingress.1746620816.security_groups.#": "0",
                            "ingress.1746620816.self": "false",
                            "ingress.1746620816.to_port": "9100",
                            "ingress.1994621032.cidr_blocks.#": "1",
                            "ingress.1994621032.cidr_blocks.0": "0.0.0.0/0",
                            "ingress.1994621032.description": "",
                            "ingress.1994621032.from_port": "3000",
                            "ingress.1994621032.ipv6_cidr_blocks.#": "0",
                            "ingress.1994621032.prefix_list_ids.#": "0",
                            "ingress.1994621032.protocol": "tcp",
                            "ingress.1994621032.security_groups.#": "0",
                            "ingress.1994621032.self": "false",
                            "ingress.1994621032.to_port": "3000",
                            "ingress.2214680975.cidr_blocks.#": "1",
                            "ingress.2214680975.cidr_blocks.0": "0.0.0.0/0",
                            "ingress.2214680975.description": "",
                            "ingress.2214680975.from_port": "80",
                            "ingress.2214680975.ipv6_cidr_blocks.#": "0",
                            "ingress.2214680975.prefix_list_ids.#": "0",
                            "ingress.2214680975.protocol": "tcp",
                            "ingress.2214680975.security_groups.#": "0",
                            "ingress.2214680975.self": "false",
                            "ingress.2214680975.to_port": "80",
                            "ingress.2319052179.cidr_blocks.#": "1",
                            "ingress.2319052179.cidr_blocks.0": "0.0.0.0/0",
                            "ingress.2319052179.description": "",
                            "ingress.2319052179.from_port": "9000",
                            "ingress.2319052179.ipv6_cidr_blocks.#": "0",
                            "ingress.2319052179.prefix_list_ids.#": "0",
                            "ingress.2319052179.protocol": "tcp",
                            "ingress.2319052179.security_groups.#": "0",
                            "ingress.2319052179.self": "false",
                            "ingress.2319052179.to_port": "9000",
                            "ingress.2500694996.cidr_blocks.#": "1",
                            "ingress.2500694996.cidr_blocks.0": "0.0.0.0/0",
                            "ingress.2500694996.description": "",
                            "ingress.2500694996.from_port": "9200",
                            "ingress.2500694996.ipv6_cidr_blocks.#": "0",
                            "ingress.2500694996.prefix_list_ids.#": "0",
                            "ingress.2500694996.protocol": "tcp",
                            "ingress.2500694996.security_groups.#": "0",
                            "ingress.2500694996.self": "false",
                            "ingress.2500694996.to_port": "9200",
                            "ingress.2541437006.cidr_blocks.#": "1",
                            "ingress.2541437006.cidr_blocks.0": "0.0.0.0/0",
                            "ingress.2541437006.description": "",
                            "ingress.2541437006.from_port": "22",
                            "ingress.2541437006.ipv6_cidr_blocks.#": "0",
                            "ingress.2541437006.prefix_list_ids.#": "0",
                            "ingress.2541437006.protocol": "tcp",
                            "ingress.2541437006.security_groups.#": "0",
                            "ingress.2541437006.self": "false",
                            "ingress.2541437006.to_port": "22",
                            "ingress.2937129820.cidr_blocks.#": "1",
                            "ingress.2937129820.cidr_blocks.0": "0.0.0.0/0",
                            "ingress.2937129820.description": "",
                            "ingress.2937129820.from_port": "5044",
                            "ingress.2937129820.ipv6_cidr_blocks.#": "0",
                            "ingress.2937129820.prefix_list_ids.#": "0",
                            "ingress.2937129820.protocol": "tcp",
                            "ingress.2937129820.security_groups.#": "0",
                            "ingress.2937129820.self": "false",
                            "ingress.2937129820.to_port": "5044",
                            "ingress.3431095222.cidr_blocks.#": "1",
                            "ingress.3431095222.cidr_blocks.0": "0.0.0.0/0",
                            "ingress.3431095222.description": "",
                            "ingress.3431095222.from_port": "5601",
                            "ingress.3431095222.ipv6_cidr_blocks.#": "0",
                            "ingress.3431095222.prefix_list_ids.#": "0",
                            "ingress.3431095222.protocol": "tcp",
                            "ingress.3431095222.security_groups.#": "0",
                            "ingress.3431095222.self": "false",
                            "ingress.3431095222.to_port": "5601",
                            "ingress.476094592.cidr_blocks.#": "1",
                            "ingress.476094592.cidr_blocks.0": "0.0.0.0/0",
                            "ingress.476094592.description": "",
                            "ingress.476094592.from_port": "65433",
                            "ingress.476094592.ipv6_cidr_blocks.#": "0",
                            "ingress.476094592.prefix_list_ids.#": "0",
                            "ingress.476094592.protocol": "tcp",
                            "ingress.476094592.security_groups.#": "0",
                            "ingress.476094592.self": "false",
                            "ingress.476094592.to_port": "65433",
                            "ingress.501830036.cidr_blocks.#": "1",
                            "ingress.501830036.cidr_blocks.0": "0.0.0.0/0",
                            "ingress.501830036.description": "",
                            "ingress.501830036.from_port": "9090",
                            "ingress.501830036.ipv6_cidr_blocks.#": "0",
                            "ingress.501830036.prefix_list_ids.#": "0",
                            "ingress.501830036.protocol": "tcp",
                            "ingress.501830036.security_groups.#": "0",
                            "ingress.501830036.self": "false",
                            "ingress.501830036.to_port": "9090",
                            "ingress.516175195.cidr_blocks.#": "1",
                            "ingress.516175195.cidr_blocks.0": "0.0.0.0/0",
                            "ingress.516175195.description": "",
                            "ingress.516175195.from_port": "8080",
                            "ingress.516175195.ipv6_cidr_blocks.#": "0",
                            "ingress.516175195.prefix_list_ids.#": "0",
                            "ingress.516175195.protocol": "tcp",
                            "ingress.516175195.security_groups.#": "0",
                            "ingress.516175195.self": "false",
                            "ingress.516175195.to_port": "8080",
                            "name": "sg_default",
                            "owner_id": "230617609085",
                            "revoke_rules_on_delete": "false",
                            "tags.%": "0",
                            "vpc_id": "vpc-069a237c386c650fc"
                        },
                        "meta": {
                            "e2bfb730-ecaa-11e6-8f88-34363bc7c4c0": {
                                "create": 600000000000,
                                "delete": 600000000000
                            },
                            "schema_version": "1"
                        },
                        "tainted": false
                    },
                    "deposed": [],
                    "provider": "provider.aws"
                },
                "aws_subnet.public_subnet1": {
                    "type": "aws_subnet",
                    "depends_on": [
                        "aws_vpc.MyVPC",
                        "data.aws_availability_zones.available"
                    ],
                    "primary": {
                        "id": "subnet-02e77e560c457b822",
                        "attributes": {
                            "arn": "arn:aws:ec2:us-east-1:230617609085:subnet/subnet-02e77e560c457b822",
                            "assign_ipv6_address_on_creation": "false",
                            "availability_zone": "us-east-1a",
                            "availability_zone_id": "use1-az2",
                            "cidr_block": "10.0.1.0/24",
                            "id": "subnet-02e77e560c457b822",
                            "ipv6_cidr_block": "",
                            "ipv6_cidr_block_association_id": "",
                            "map_public_ip_on_launch": "true",
                            "owner_id": "230617609085",
                            "tags.%": "1",
                            "tags.Name": "public_subnet1",
                            "vpc_id": "vpc-069a237c386c650fc"
                        },
                        "meta": {
                            "e2bfb730-ecaa-11e6-8f88-34363bc7c4c0": {
                                "create": 600000000000,
                                "delete": 600000000000
                            },
                            "schema_version": "1"
                        },
                        "tainted": false
                    },
                    "deposed": [],
                    "provider": "provider.aws"
                },
                "aws_vpc.MyVPC": {
                    "type": "aws_vpc",
                    "depends_on": [],
                    "primary": {
                        "id": "vpc-069a237c386c650fc",
                        "attributes": {
                            "arn": "arn:aws:ec2:us-east-1:230617609085:vpc/vpc-069a237c386c650fc",
                            "assign_generated_ipv6_cidr_block": "false",
                            "cidr_block": "10.0.0.0/16",
                            "default_network_acl_id": "acl-0b68d2c19304fb40c",
                            "default_route_table_id": "rtb-0a9e441420efd3da7",
                            "default_security_group_id": "sg-0d1b4728b095f3723",
                            "dhcp_options_id": "dopt-e3c88598",
                            "enable_classiclink": "false",
                            "enable_classiclink_dns_support": "false",
                            "enable_dns_hostnames": "true",
                            "enable_dns_support": "true",
                            "id": "vpc-069a237c386c650fc",
                            "instance_tenancy": "default",
                            "ipv6_association_id": "",
                            "ipv6_cidr_block": "",
                            "main_route_table_id": "rtb-0a9e441420efd3da7",
                            "owner_id": "230617609085",
                            "tags.%": "1",
                            "tags.Name": "MyVPC"
                        },
                        "meta": {
                            "schema_version": "1"
                        },
                        "tainted": false
                    },
                    "deposed": [],
                    "provider": "provider.aws"
                },
                "data.aws_availability_zones.available": {
                    "type": "aws_availability_zones",
                    "depends_on": [],
                    "primary": {
                        "id": "2019-03-06 12:58:06.136991557 +0000 UTC",
                        "attributes": {
                            "id": "2019-03-06 12:58:06.136991557 +0000 UTC",
                            "names.#": "6",
                            "names.0": "us-east-1a",
                            "names.1": "us-east-1b",
                            "names.2": "us-east-1c",
                            "names.3": "us-east-1d",
                            "names.4": "us-east-1e",
                            "names.5": "us-east-1f",
                            "zone_ids.#": "6",
                            "zone_ids.0": "use1-az2",
                            "zone_ids.1": "use1-az4",
                            "zone_ids.2": "use1-az6",
                            "zone_ids.3": "use1-az1",
                            "zone_ids.4": "use1-az3",
                            "zone_ids.5": "use1-az5"
                        },
                        "meta": {},
                        "tainted": false
                    },
                    "deposed": [],
                    "provider": "provider.aws"
                },
                "data.template_cloudinit_config.ansible_config": {
                    "type": "template_cloudinit_config",
                    "depends_on": [
                        "data.template_file.ansible",
                        "data.template_file.consul_client_ansible"
                    ],
                    "primary": {
                        "id": "2083106288",
                        "attributes": {
                            "base64_encode": "true",
                            "gzip": "true",
                            "id": "2083106288",
                            "part.#": "2",
                            "part.0.content": "#!/usr/bin/env bash\nset -e\n\necho \"Grabbing IPs...\"\nPRIVATE_IP=$(curl http://169.254.169.254/latest/meta-data/local-ipv4)\n\necho \"Installing dependencies...\"\nsudo apt-get -qq update \u0026\u003e/dev/null\nsudo apt-get -yqq install unzip \u0026\u003e/dev/null\n\necho \"Fetching Consul...\"\ncd /tmp\ncurl -sLo consul.zip https://releases.hashicorp.com/consul/1.4.0/consul_1.4.0_linux_amd64.zip\n\necho \"Installing Consul...\"\nunzip consul.zip \u003e/dev/null\nsudo chmod +x consul\nsudo mv consul /usr/local/bin/consul\n\n# Setup Consul\nsudo mkdir -p /opt/consul\nsudo mkdir -p /etc/consul.d\nsudo mkdir -p /run/consul\nsudo tee /etc/consul.d/config.json \u003e /dev/null \u003c\u003cEOF\n{\n  \"advertise_addr\": \"$PRIVATE_IP\",\n  \"data_dir\": \"/opt/consul\",\n  \"datacenter\": \"opsschool\",\n  \"encrypt\": \"uDBV4e+LbFW3019YKPxIrg==\",\n  \"disable_remote_exec\": true,\n  \"disable_update_check\": true,\n  \"leave_on_terminate\": true,\n  \"retry_join\": [\"provider=aws tag_key=consul_server tag_value=true\"],\n       \"node_name\": \"ansible\",\n     \"enable_script_checks\": true,\n     \"server\": false\n    \n}\nEOF\n\n# Create user \u0026 grant ownership of folders\nsudo useradd consul\nsudo chown -R consul:consul /opt/consul /etc/consul.d /run/consul\n\n\n# Configure consul service\nsudo tee /etc/systemd/system/consul.service \u003e /dev/null \u003c\u003c\"EOF\"\n[Unit]\nDescription=Consul service discovery agent\nRequires=network-online.target\nAfter=network.target\n\n[Service]\nUser=consul\nGroup=consul\nPIDFile=/run/consul/consul.pid\nRestart=on-failure\nEnvironment=GOMAXPROCS=2\nExecStartPre=[ -f \"/run/consul/consul.pid\" ] \u0026\u0026 /usr/bin/rm -f /run/consul/consul.pid\nExecStart=/usr/local/bin/consul agent -pid-file=/run/consul/consul.pid -config-dir=/etc/consul.d\nExecReload=/bin/kill -s HUP $MAINPID\nKillSignal=SIGINT\nTimeoutStopSec=5\n\n[Install]\nWantedBy=multi-user.target\nEOF\n\nsudo systemctl daemon-reload\nsudo systemctl enable consul.service\nsudo systemctl start consul.service\n\n\n# Install \u0026 configure DNS for consul resolution\nsudo apt-get install -y dnsmasq\ncat \u003c\u003c EOF | sudo tee /etc/dnsmasq.d/10-consul\n# Enable forward lookup of the 'consul' domain:\nserver=/consul/127.0.0.1#8600\n\nEOF\n\nsudo systemctl restart dnsmasq\n",
                            "part.0.content_type": "",
                            "part.0.filename": "",
                            "part.0.merge_type": "",
                            "part.1.content": "#!/bin/bash\n\nsudo sed -i 's/us-east-1.ec2.//g' /etc/apt/sources.list\nsudo apt-get -qq update\nsudo apt-get install -yqq software-properties-common python-pip\nsudo apt-add-repository --yes --update ppa:ansible/ansible\nsudo apt-get install -yqq ansible\nsudo pip install boto\nsudo chmod 400 /home/ubuntu/.ssh/aws_ec2.pem\nsudo sed -i '11ihost_key_checking = False' /etc/ansible/ansible.cfg\nsudo sed -i '12ideprecation_warnings = False' /etc/ansible/ansible.cfg\nsudo sed -i '13istdout_callback = yaml' /etc/ansible/ansible.cfg\nsudo sed -i '14ibin_ansible_callbacks = True' /etc/ansible/ansible.cfg\nsudo wget -O /etc/ansible/hosts https://raw.githubusercontent.com/ansible/ansible/devel/contrib/inventory/ec2.py\nsudo chmod +x /etc/ansible/hosts\nsudo wget -O /etc/ansible/ec2.ini https://raw.githubusercontent.com/ansible/ansible/devel/contrib/inventory/ec2.ini\nsudo sed -i 's/regions = all/regions = us-east-1/g' /etc/ansible/ec2.ini\nsudo sed -i 's/vpc_destination_variable = ip_address/vpc_destination_variable = private_ip_address/g' /etc/ansible/ec2.ini\n\n# Register in consul\ncat \u003c\u003c EOF | sudo tee /etc/consul.d/ansible.json\n{\n  \"service\": {\n    \"name\": \"ansible-ssh\",\n    \"id\": \"ansible-ssh\",\n    \"port\": 22,\n    \"check\": {\n      \"name\": \"ansible port 22 tcp check\",\n      \"interval\": \"5s\",\n      \"tcp\": \"localhost:22\"\n    }\n  }\n}\n\nEOF\n\nsudo systemctl reload consul\n\ncd /opt\nsudo git clone https://github.com/sharonnavon/project.git\n#sudo ansible-playbook /opt/project/ansible/site.yml\n\n# k8s\nsudo pip install -r /opt/project/kubespray/requirements.txt\n#sudo ansible-playbook -i /opt/project/kubespray/inventory/k8s_cluster/hosts.ini /opt/project/kubespray/cluster.yml\n",
                            "part.1.content_type": "",
                            "part.1.filename": "",
                            "part.1.merge_type": "",
                            "rendered": "H4sIAAAAAAAA/7xXf28budH+n4C/w7zrwHmLK3dlnZPLqdkDHP9IhTvHhu3kejCMBUWOJEZckia5ktU0373g7krWKlbaAkUDBGtyHs4MyYczj06MDqgDvV1aHEBZqSAtcyEr5SOKv8DIVFowt8yTi+HF2bvLjx9Oj6//SEgc0U/ovDR6AIdpb4/sEUo3QXtk7dsx7cfo6JnmRkg9GcBPIxk2AHXwgI8hs4pJvUcuZInf+N//v6zyLhtJnaGew4j5KfEYgCIhyKcGkveOjUZST2B45dM0TcjV9fDT8e1ZMbzKX/w/r5yCaQh2kGWHr39O+6+O0vabKRbQh6zEwKhggWXKcKaotPOjP628D7UPTKnoX6BFLVBziU0gXwkDzAY6iQk9PEBlBQsIB79kAueZrpTawiwfHkA2HqHSf5e2g21DnmPg0xjwxGhfqToUF5CF0pJ6O9T/ZoA3xugjbs8PssyhQubRp1Pmp5IbZ1NuyqxBZofpUdprB0U9KJTU1WPBSvH6KDp6Zs8bKTT5boTd3iWflkbAD48tppks5+0Q6nusT7i+zRZE9uEGQ2XbSO2imZAOqIXM2JDxZy0YeGtJxbbNVbqzKiB2F8Q/xnKSfvZGwy+w3gi8fXt2eU6+EICEiTm6ID0WTAiXDCB58cSs5M8REklTCFkbN1J9MnLUAWuzsd7zqTGtETV3SxuipTp99+kIf/htdP77j73Dn//49epx6CZ53nqRno0UFg5LE7DAR+TJAIKrsGNumFfwKfLZpl0hm2NhdBHQlVKzgJtWh8Eti89G6mQAd4l1Zi4FupwtPAQ2KWa4zFvCeHRzdPXsnKkK8+gkuY9u6n+JNgILzcoYIGHay5HCpDUnqOssPXfShiZLv5FIhDQBkgGMmfJYT5KvJN4G2YcTh/FhVR4dHMDEMR3ALDQ6P5UWzBjGRgl0vrnuCGNCdHjIp2ahgV63k4MVKZ9urcuQDonqFGrGVA5XfI4JS45bDPNLH7AU7XflrsVuUS05uzxPyN1HLcM9OcXmdKTR+UknAgjpuZmjWwKboA7kGh8q6dDnGsPCuBk1WkmNaWBugoEcjwO6lW01Se5uGm/35KNH114ree9MZVeDq+HpuVSYb2x9tQErBblGH5gLudF0zKSqHJIzPZfO6BJ1yN9fXhz/7er68uQm75OzR+Q3EX3lML8DOobkea8J3MPBAayLvCsjeEcGa6/5s8WkOR6gVgo63r0RoM3rp0K6vFtHYoBrVIaJvPY7kyqWW/jrxyt4cXE8/HA1PCW/SqVu5EQzld8M3w8/3JJbWaKpwk0w9gZ5/oqQu7aG3pPfmQ4o3i3zus/SyM3VndTkrunTsIUHBYJhaTR1dRLbxuYZQZdU26D6krYxkcFtSnAAfM3l0w83MDZuxWmH3qgqcrDbuFY9iy5BaF8y/0A4C/D2LZxdnsM/oPsGWkgqssMebbm1D2dN8mPjFswJUMbMqvrthinCywb2EoQpmdQD0pSDfN28+j+lvbSXHu6/ed3rkWePzjX8XGf4PxEnkSW1KGmzQQFUwkufVZ4i84Eepsj7aZZNXjaHw2zIvKkcR58q6cMuFbHrAh4ewJtxWDCH1DpjY49CT7kpS6PBLsPUaGqlfVrPhKAOrfEyGLcESpfogdJWrFjLBm25ztrvd0J3EFbatXVkgtmUAUe9HmRTU2JWjSodqiz1fpqxhS/icVgsu+d1eCinxofYcZr2EMVHDuexF6wOrptkyseTLR99KdA65CwSuFgwp6We+P/YzY/SB2GqUHCm1IjxGeSwZKX6tx0cyZHURWtfe4mJ3LrqX+axqHlw2UXFw/FPQo8t0okM02oUywlvSFtrvS2vsdtgXfuCk6NM6jnqSIKsvoTllm77NuJ3MooepJb/5ZykltsPyeFEGh1Pjym1MVo/sKen1U1t29Hc8kKgD1EGRYLMmZN1ScpB2lrkof8uyjo5jyprA70rNNmHa5xIH9CB1Csl8p2auVamKz5EadoI0baGJwP4Qhqp1VVZ1Ptpq7QSKXYYrHFRbfb77XilFL+QlX7rOoW4APp9CNxCA15pvURGUTtnKsJf+af5wG2cqttypM+g309q21cS/3/dVbZjq1sdUf1Lx9i2LE5kAK6MxjXNGorVvPJT5ozWbG50Zp35jDxEBpL9pny1Z2AVW46MmTVSr8Wt78vLgOmyrH+HzN74b+sadd2Fs2qE3jq2zFyjwqL28Wl43BmXyl0enqg/e+MLrqpIl+bh1U9rx7IWWKe93eMo3SP/DAAA///SO8Vy3w8AAA=="
                        },
                        "meta": {},
                        "tainted": false
                    },
                    "deposed": [],
                    "provider": "provider.template"
                },
                "data.template_file.ansible": {
                    "type": "template_file",
                    "depends_on": [],
                    "primary": {
                        "id": "86ce62607e6aa20a965faef4d09dcdfce61cf33583dfe8e3dc299f47cc7a6bd4",
                        "attributes": {
                            "id": "86ce62607e6aa20a965faef4d09dcdfce61cf33583dfe8e3dc299f47cc7a6bd4",
                            "rendered": "#!/bin/bash\n\nsudo sed -i 's/us-east-1.ec2.//g' /etc/apt/sources.list\nsudo apt-get -qq update\nsudo apt-get install -yqq software-properties-common python-pip\nsudo apt-add-repository --yes --update ppa:ansible/ansible\nsudo apt-get install -yqq ansible\nsudo pip install boto\nsudo chmod 400 /home/ubuntu/.ssh/aws_ec2.pem\nsudo sed -i '11ihost_key_checking = False' /etc/ansible/ansible.cfg\nsudo sed -i '12ideprecation_warnings = False' /etc/ansible/ansible.cfg\nsudo sed -i '13istdout_callback = yaml' /etc/ansible/ansible.cfg\nsudo sed -i '14ibin_ansible_callbacks = True' /etc/ansible/ansible.cfg\nsudo wget -O /etc/ansible/hosts https://raw.githubusercontent.com/ansible/ansible/devel/contrib/inventory/ec2.py\nsudo chmod +x /etc/ansible/hosts\nsudo wget -O /etc/ansible/ec2.ini https://raw.githubusercontent.com/ansible/ansible/devel/contrib/inventory/ec2.ini\nsudo sed -i 's/regions = all/regions = us-east-1/g' /etc/ansible/ec2.ini\nsudo sed -i 's/vpc_destination_variable = ip_address/vpc_destination_variable = private_ip_address/g' /etc/ansible/ec2.ini\n\n# Register in consul\ncat \u003c\u003c EOF | sudo tee /etc/consul.d/ansible.json\n{\n  \"service\": {\n    \"name\": \"ansible-ssh\",\n    \"id\": \"ansible-ssh\",\n    \"port\": 22,\n    \"check\": {\n      \"name\": \"ansible port 22 tcp check\",\n      \"interval\": \"5s\",\n      \"tcp\": \"localhost:22\"\n    }\n  }\n}\n\nEOF\n\nsudo systemctl reload consul\n\ncd /opt\nsudo git clone https://github.com/sharonnavon/project.git\n#sudo ansible-playbook /opt/project/ansible/site.yml\n\n# k8s\nsudo pip install -r /opt/project/kubespray/requirements.txt\n#sudo ansible-playbook -i /opt/project/kubespray/inventory/k8s_cluster/hosts.ini /opt/project/kubespray/cluster.yml\n",
                            "template": "#!/bin/bash\n\nsudo sed -i 's/us-east-1.ec2.//g' /etc/apt/sources.list\nsudo apt-get -qq update\nsudo apt-get install -yqq software-properties-common python-pip\nsudo apt-add-repository --yes --update ppa:ansible/ansible\nsudo apt-get install -yqq ansible\nsudo pip install boto\nsudo chmod 400 /home/ubuntu/.ssh/aws_ec2.pem\nsudo sed -i '11ihost_key_checking = False' /etc/ansible/ansible.cfg\nsudo sed -i '12ideprecation_warnings = False' /etc/ansible/ansible.cfg\nsudo sed -i '13istdout_callback = yaml' /etc/ansible/ansible.cfg\nsudo sed -i '14ibin_ansible_callbacks = True' /etc/ansible/ansible.cfg\nsudo wget -O /etc/ansible/hosts https://raw.githubusercontent.com/ansible/ansible/devel/contrib/inventory/ec2.py\nsudo chmod +x /etc/ansible/hosts\nsudo wget -O /etc/ansible/ec2.ini https://raw.githubusercontent.com/ansible/ansible/devel/contrib/inventory/ec2.ini\nsudo sed -i 's/regions = all/regions = us-east-1/g' /etc/ansible/ec2.ini\nsudo sed -i 's/vpc_destination_variable = ip_address/vpc_destination_variable = private_ip_address/g' /etc/ansible/ec2.ini\n\n# Register in consul\ncat \u003c\u003c EOF | sudo tee /etc/consul.d/ansible.json\n{\n  \"service\": {\n    \"name\": \"ansible-ssh\",\n    \"id\": \"ansible-ssh\",\n    \"port\": 22,\n    \"check\": {\n      \"name\": \"ansible port 22 tcp check\",\n      \"interval\": \"5s\",\n      \"tcp\": \"localhost:22\"\n    }\n  }\n}\n\nEOF\n\nsudo systemctl reload consul\n\ncd /opt\nsudo git clone https://github.com/sharonnavon/project.git\n#sudo ansible-playbook /opt/project/ansible/site.yml\n\n# k8s\nsudo pip install -r /opt/project/kubespray/requirements.txt\n#sudo ansible-playbook -i /opt/project/kubespray/inventory/k8s_cluster/hosts.ini /opt/project/kubespray/cluster.yml\n"
                        },
                        "meta": {},
                        "tainted": false
                    },
                    "deposed": [],
                    "provider": "provider.template"
                },
                "data.template_file.consul_client_ansible": {
                    "type": "template_file",
                    "depends_on": [],
                    "primary": {
                        "id": "127530f5beba34b5a381e6bd74fe301920b0f484acaf34bfb5f003ad567f79b3",
                        "attributes": {
                            "id": "127530f5beba34b5a381e6bd74fe301920b0f484acaf34bfb5f003ad567f79b3",
                            "rendered": "#!/usr/bin/env bash\nset -e\n\necho \"Grabbing IPs...\"\nPRIVATE_IP=$(curl http://169.254.169.254/latest/meta-data/local-ipv4)\n\necho \"Installing dependencies...\"\nsudo apt-get -qq update \u0026\u003e/dev/null\nsudo apt-get -yqq install unzip \u0026\u003e/dev/null\n\necho \"Fetching Consul...\"\ncd /tmp\ncurl -sLo consul.zip https://releases.hashicorp.com/consul/1.4.0/consul_1.4.0_linux_amd64.zip\n\necho \"Installing Consul...\"\nunzip consul.zip \u003e/dev/null\nsudo chmod +x consul\nsudo mv consul /usr/local/bin/consul\n\n# Setup Consul\nsudo mkdir -p /opt/consul\nsudo mkdir -p /etc/consul.d\nsudo mkdir -p /run/consul\nsudo tee /etc/consul.d/config.json \u003e /dev/null \u003c\u003cEOF\n{\n  \"advertise_addr\": \"$PRIVATE_IP\",\n  \"data_dir\": \"/opt/consul\",\n  \"datacenter\": \"opsschool\",\n  \"encrypt\": \"uDBV4e+LbFW3019YKPxIrg==\",\n  \"disable_remote_exec\": true,\n  \"disable_update_check\": true,\n  \"leave_on_terminate\": true,\n  \"retry_join\": [\"provider=aws tag_key=consul_server tag_value=true\"],\n       \"node_name\": \"ansible\",\n     \"enable_script_checks\": true,\n     \"server\": false\n    \n}\nEOF\n\n# Create user \u0026 grant ownership of folders\nsudo useradd consul\nsudo chown -R consul:consul /opt/consul /etc/consul.d /run/consul\n\n\n# Configure consul service\nsudo tee /etc/systemd/system/consul.service \u003e /dev/null \u003c\u003c\"EOF\"\n[Unit]\nDescription=Consul service discovery agent\nRequires=network-online.target\nAfter=network.target\n\n[Service]\nUser=consul\nGroup=consul\nPIDFile=/run/consul/consul.pid\nRestart=on-failure\nEnvironment=GOMAXPROCS=2\nExecStartPre=[ -f \"/run/consul/consul.pid\" ] \u0026\u0026 /usr/bin/rm -f /run/consul/consul.pid\nExecStart=/usr/local/bin/consul agent -pid-file=/run/consul/consul.pid -config-dir=/etc/consul.d\nExecReload=/bin/kill -s HUP $MAINPID\nKillSignal=SIGINT\nTimeoutStopSec=5\n\n[Install]\nWantedBy=multi-user.target\nEOF\n\nsudo systemctl daemon-reload\nsudo systemctl enable consul.service\nsudo systemctl start consul.service\n\n\n# Install \u0026 configure DNS for consul resolution\nsudo apt-get install -y dnsmasq\ncat \u003c\u003c EOF | sudo tee /etc/dnsmasq.d/10-consul\n# Enable forward lookup of the 'consul' domain:\nserver=/consul/127.0.0.1#8600\n\nEOF\n\nsudo systemctl restart dnsmasq\n",
                            "template": "#!/usr/bin/env bash\nset -e\n\necho \"Grabbing IPs...\"\nPRIVATE_IP=$(curl http://169.254.169.254/latest/meta-data/local-ipv4)\n\necho \"Installing dependencies...\"\nsudo apt-get -qq update \u0026\u003e/dev/null\nsudo apt-get -yqq install unzip \u0026\u003e/dev/null\n\necho \"Fetching Consul...\"\ncd /tmp\ncurl -sLo consul.zip https://releases.hashicorp.com/consul/${consul_version}/consul_${consul_version}_linux_amd64.zip\n\necho \"Installing Consul...\"\nunzip consul.zip \u003e/dev/null\nsudo chmod +x consul\nsudo mv consul /usr/local/bin/consul\n\n# Setup Consul\nsudo mkdir -p /opt/consul\nsudo mkdir -p /etc/consul.d\nsudo mkdir -p /run/consul\nsudo tee /etc/consul.d/config.json \u003e /dev/null \u003c\u003cEOF\n{\n  \"advertise_addr\": \"$PRIVATE_IP\",\n  \"data_dir\": \"/opt/consul\",\n  \"datacenter\": \"opsschool\",\n  \"encrypt\": \"uDBV4e+LbFW3019YKPxIrg==\",\n  \"disable_remote_exec\": true,\n  \"disable_update_check\": true,\n  \"leave_on_terminate\": true,\n  \"retry_join\": [\"provider=aws tag_key=consul_server tag_value=true\"],\n  ${config}\n}\nEOF\n\n# Create user \u0026 grant ownership of folders\nsudo useradd consul\nsudo chown -R consul:consul /opt/consul /etc/consul.d /run/consul\n\n\n# Configure consul service\nsudo tee /etc/systemd/system/consul.service \u003e /dev/null \u003c\u003c\"EOF\"\n[Unit]\nDescription=Consul service discovery agent\nRequires=network-online.target\nAfter=network.target\n\n[Service]\nUser=consul\nGroup=consul\nPIDFile=/run/consul/consul.pid\nRestart=on-failure\nEnvironment=GOMAXPROCS=2\nExecStartPre=[ -f \"/run/consul/consul.pid\" ] \u0026\u0026 /usr/bin/rm -f /run/consul/consul.pid\nExecStart=/usr/local/bin/consul agent -pid-file=/run/consul/consul.pid -config-dir=/etc/consul.d\nExecReload=/bin/kill -s HUP $MAINPID\nKillSignal=SIGINT\nTimeoutStopSec=5\n\n[Install]\nWantedBy=multi-user.target\nEOF\n\nsudo systemctl daemon-reload\nsudo systemctl enable consul.service\nsudo systemctl start consul.service\n\n\n# Install \u0026 configure DNS for consul resolution\nsudo apt-get install -y dnsmasq\ncat \u003c\u003c EOF | sudo tee /etc/dnsmasq.d/10-consul\n# Enable forward lookup of the 'consul' domain:\nserver=/consul/127.0.0.1#8600\n\nEOF\n\nsudo systemctl restart dnsmasq\n",
                            "vars.%": "2",
                            "vars.config": "     \"node_name\": \"ansible\",\n     \"enable_script_checks\": true,\n     \"server\": false\n    ",
                            "vars.consul_version": "1.4.0"
                        },
                        "meta": {},
                        "tainted": false
                    },
                    "deposed": [],
                    "provider": "provider.template"
                }
            },
            "depends_on": []
        }
    ]
}
