{
    "version": 3,
    "terraform_version": "0.11.11",
    "serial": 9,
    "lineage": "d2e60b36-d1c9-0ca8-beea-59cd75ca4776",
    "modules": [
        {
            "path": [
                "root"
            ],
            "outputs": {},
            "resources": {
                "aws_iam_instance_profile.consul_auto_join": {
                    "type": "aws_iam_instance_profile",
                    "depends_on": [
                        "aws_iam_role.consul_auto_join"
                    ],
                    "primary": {
                        "id": "consul_auto_join",
                        "attributes": {
                            "arn": "arn:aws:iam::230617609085:instance-profile/consul_auto_join",
                            "create_date": "2019-01-29T13:17:34Z",
                            "id": "consul_auto_join",
                            "name": "consul_auto_join",
                            "path": "/",
                            "role": "consul_auto_join",
                            "roles.#": "1",
                            "roles.4186901782": "consul_auto_join",
                            "unique_id": "AIPAIG5OSTX6UVVED23SU"
                        },
                        "meta": {},
                        "tainted": false
                    },
                    "deposed": [],
                    "provider": "provider.aws"
                },
                "aws_iam_policy.consul_auto_join": {
                    "type": "aws_iam_policy",
                    "depends_on": [],
                    "primary": {
                        "id": "arn:aws:iam::230617609085:policy/consul_auto_join",
                        "attributes": {
                            "arn": "arn:aws:iam::230617609085:policy/consul_auto_join",
                            "description": "Allows Consul nodes to describe instances for joining",
                            "id": "arn:aws:iam::230617609085:policy/consul_auto_join",
                            "name": "consul_auto_join",
                            "path": "/",
                            "policy": "{\n  \"Version\": \"2012-10-17\",\n  \"Statement\": [\n    {\n      \"Effect\": \"Allow\",\n      \"Action\": \"ec2:DescribeInstances\",\n      \"Resource\": \"*\"\n    }\n  ]\n}\n"
                        },
                        "meta": {},
                        "tainted": false
                    },
                    "deposed": [],
                    "provider": "provider.aws"
                },
                "aws_iam_policy_attachment.consul_auto_join": {
                    "type": "aws_iam_policy_attachment",
                    "depends_on": [
                        "aws_iam_policy.consul_auto_join",
                        "aws_iam_role.consul_auto_join"
                    ],
                    "primary": {
                        "id": "consul_auto_join",
                        "attributes": {
                            "groups.#": "0",
                            "id": "consul_auto_join",
                            "name": "consul_auto_join",
                            "policy_arn": "arn:aws:iam::230617609085:policy/consul_auto_join",
                            "roles.#": "1",
                            "roles.4186901782": "consul_auto_join",
                            "users.#": "0"
                        },
                        "meta": {},
                        "tainted": false
                    },
                    "deposed": [],
                    "provider": "provider.aws"
                },
                "aws_iam_role.consul_auto_join": {
                    "type": "aws_iam_role",
                    "depends_on": [],
                    "primary": {
                        "id": "consul_auto_join",
                        "attributes": {
                            "arn": "arn:aws:iam::230617609085:role/consul_auto_join",
                            "assume_role_policy": "{\"Version\":\"2012-10-17\",\"Statement\":[{\"Sid\":\"\",\"Effect\":\"Allow\",\"Principal\":{\"Service\":\"ec2.amazonaws.com\"},\"Action\":\"sts:AssumeRole\"}]}",
                            "create_date": "2019-01-29T13:17:33Z",
                            "description": "",
                            "force_detach_policies": "false",
                            "id": "consul_auto_join",
                            "max_session_duration": "3600",
                            "name": "consul_auto_join",
                            "path": "/",
                            "tags.%": "0",
                            "unique_id": "AROAIFSKNKXNVFJ36HCT2"
                        },
                        "meta": {},
                        "tainted": false
                    },
                    "deposed": [],
                    "provider": "provider.aws"
                },
                "aws_instance.docker_server": {
                    "type": "aws_instance",
                    "depends_on": [
                        "aws_iam_instance_profile.consul_auto_join",
                        "aws_security_group.sg_consul",
                        "aws_security_group.sg_default",
                        "aws_subnet.public_subnet1",
                        "data.template_cloudinit_config.docker_server_config.*"
                    ],
                    "primary": {
                        "id": "i-082ac34c4d4ee5389",
                        "attributes": {
                            "ami": "ami-0f9cf087c1f27d9b1",
                            "arn": "arn:aws:ec2:us-east-1:230617609085:instance/i-082ac34c4d4ee5389",
                            "associate_public_ip_address": "true",
                            "availability_zone": "us-east-1a",
                            "cpu_core_count": "1",
                            "cpu_threads_per_core": "1",
                            "credit_specification.#": "1",
                            "credit_specification.0.cpu_credits": "standard",
                            "disable_api_termination": "false",
                            "ebs_block_device.#": "0",
                            "ebs_optimized": "false",
                            "ephemeral_block_device.#": "0",
                            "get_password_data": "false",
                            "iam_instance_profile": "consul_auto_join",
                            "id": "i-082ac34c4d4ee5389",
                            "instance_state": "running",
                            "instance_type": "t2.micro",
                            "ipv6_addresses.#": "0",
                            "key_name": "aws_ec2",
                            "monitoring": "false",
                            "network_interface.#": "0",
                            "network_interface_id": "eni-0ae7239a472c09b1b",
                            "password_data": "",
                            "placement_group": "",
                            "primary_network_interface_id": "eni-0ae7239a472c09b1b",
                            "private_dns": "ip-10-0-1-168.ec2.internal",
                            "private_ip": "10.0.1.168",
                            "public_dns": "ec2-54-145-159-208.compute-1.amazonaws.com",
                            "public_ip": "54.145.159.208",
                            "root_block_device.#": "1",
                            "root_block_device.0.delete_on_termination": "true",
                            "root_block_device.0.iops": "100",
                            "root_block_device.0.volume_id": "vol-0b9fc3ba3b3b682ab",
                            "root_block_device.0.volume_size": "8",
                            "root_block_device.0.volume_type": "gp2",
                            "security_groups.#": "0",
                            "source_dest_check": "true",
                            "subnet_id": "subnet-01756e0051a0cc3b8",
                            "tags.%": "1",
                            "tags.Name": "docker-server1",
                            "tenancy": "default",
                            "user_data": "3b984793d9626c06d5652b326a6dcffafbcfe33e",
                            "volume_tags.%": "0",
                            "vpc_security_group_ids.#": "2",
                            "vpc_security_group_ids.2169832945": "sg-009a2537281d9ff14",
                            "vpc_security_group_ids.3286083240": "sg-054a97692001650a4"
                        },
                        "meta": {
                            "e2bfb730-ecaa-11e6-8f88-34363bc7c4c0": {
                                "create": 600000000000,
                                "delete": 1200000000000,
                                "update": 600000000000
                            },
                            "schema_version": "1"
                        },
                        "tainted": false
                    },
                    "deposed": [],
                    "provider": "provider.aws"
                },
                "aws_instance.elk": {
                    "type": "aws_instance",
                    "depends_on": [
                        "aws_iam_instance_profile.consul_auto_join",
                        "aws_security_group.sg_consul",
                        "aws_security_group.sg_default",
                        "aws_subnet.public_subnet1",
                        "data.template_cloudinit_config.elk_config"
                    ],
                    "primary": {
                        "id": "i-0e5b794083f218c5a",
                        "attributes": {
                            "ami": "ami-0f9cf087c1f27d9b1",
                            "arn": "arn:aws:ec2:us-east-1:230617609085:instance/i-0e5b794083f218c5a",
                            "associate_public_ip_address": "true",
                            "availability_zone": "us-east-1a",
                            "cpu_core_count": "1",
                            "cpu_threads_per_core": "2",
                            "credit_specification.#": "1",
                            "credit_specification.0.cpu_credits": "unlimited",
                            "disable_api_termination": "false",
                            "ebs_block_device.#": "0",
                            "ebs_optimized": "false",
                            "ephemeral_block_device.#": "0",
                            "get_password_data": "false",
                            "iam_instance_profile": "consul_auto_join",
                            "id": "i-0e5b794083f218c5a",
                            "instance_state": "running",
                            "instance_type": "t3.medium",
                            "ipv6_addresses.#": "0",
                            "key_name": "aws_ec2",
                            "monitoring": "false",
                            "network_interface.#": "0",
                            "network_interface_id": "eni-0d78f266261ba8ad6",
                            "password_data": "",
                            "placement_group": "",
                            "primary_network_interface_id": "eni-0d78f266261ba8ad6",
                            "private_dns": "ip-10-0-1-194.ec2.internal",
                            "private_ip": "10.0.1.194",
                            "public_dns": "ec2-3-85-231-198.compute-1.amazonaws.com",
                            "public_ip": "3.85.231.198",
                            "root_block_device.#": "1",
                            "root_block_device.0.delete_on_termination": "true",
                            "root_block_device.0.iops": "100",
                            "root_block_device.0.volume_id": "vol-050b773a1e6612460",
                            "root_block_device.0.volume_size": "8",
                            "root_block_device.0.volume_type": "gp2",
                            "security_groups.#": "0",
                            "source_dest_check": "true",
                            "subnet_id": "subnet-01756e0051a0cc3b8",
                            "tags.%": "1",
                            "tags.Name": "elk",
                            "tenancy": "default",
                            "user_data": "d6042f2ccadbf37592f75f34650140e7b789ee2c",
                            "volume_tags.%": "0",
                            "vpc_security_group_ids.#": "2",
                            "vpc_security_group_ids.2169832945": "sg-009a2537281d9ff14",
                            "vpc_security_group_ids.3286083240": "sg-054a97692001650a4"
                        },
                        "meta": {
                            "e2bfb730-ecaa-11e6-8f88-34363bc7c4c0": {
                                "create": 600000000000,
                                "delete": 1200000000000,
                                "update": 600000000000
                            },
                            "schema_version": "1"
                        },
                        "tainted": false
                    },
                    "deposed": [],
                    "provider": "provider.aws"
                },
                "aws_internet_gateway.igw": {
                    "type": "aws_internet_gateway",
                    "depends_on": [
                        "aws_vpc.MyVPC"
                    ],
                    "primary": {
                        "id": "igw-06ed4010b30dce1df",
                        "attributes": {
                            "id": "igw-06ed4010b30dce1df",
                            "owner_id": "230617609085",
                            "tags.%": "0",
                            "vpc_id": "vpc-01bfeea0ea428b7cf"
                        },
                        "meta": {},
                        "tainted": false
                    },
                    "deposed": [],
                    "provider": "provider.aws"
                },
                "aws_route_table.rtb_public": {
                    "type": "aws_route_table",
                    "depends_on": [
                        "aws_internet_gateway.igw",
                        "aws_vpc.MyVPC"
                    ],
                    "primary": {
                        "id": "rtb-0217f54d366be5e0c",
                        "attributes": {
                            "id": "rtb-0217f54d366be5e0c",
                            "owner_id": "230617609085",
                            "propagating_vgws.#": "0",
                            "route.#": "1",
                            "route.2006451837.cidr_block": "0.0.0.0/0",
                            "route.2006451837.egress_only_gateway_id": "",
                            "route.2006451837.gateway_id": "igw-06ed4010b30dce1df",
                            "route.2006451837.instance_id": "",
                            "route.2006451837.ipv6_cidr_block": "",
                            "route.2006451837.nat_gateway_id": "",
                            "route.2006451837.network_interface_id": "",
                            "route.2006451837.transit_gateway_id": "",
                            "route.2006451837.vpc_peering_connection_id": "",
                            "tags.%": "1",
                            "tags.Name": "rtb_public",
                            "vpc_id": "vpc-01bfeea0ea428b7cf"
                        },
                        "meta": {},
                        "tainted": false
                    },
                    "deposed": [],
                    "provider": "provider.aws"
                },
                "aws_route_table_association.rta-public_subnet1": {
                    "type": "aws_route_table_association",
                    "depends_on": [
                        "aws_route_table.rtb_public",
                        "aws_subnet.public_subnet1"
                    ],
                    "primary": {
                        "id": "rtbassoc-0e99fcbff85fd557f",
                        "attributes": {
                            "id": "rtbassoc-0e99fcbff85fd557f",
                            "route_table_id": "rtb-0217f54d366be5e0c",
                            "subnet_id": "subnet-01756e0051a0cc3b8"
                        },
                        "meta": {},
                        "tainted": false
                    },
                    "deposed": [],
                    "provider": "provider.aws"
                },
                "aws_security_group.sg_consul": {
                    "type": "aws_security_group",
                    "depends_on": [
                        "aws_vpc.MyVPC"
                    ],
                    "primary": {
                        "id": "sg-054a97692001650a4",
                        "attributes": {
                            "arn": "arn:aws:ec2:us-east-1:230617609085:security-group/sg-054a97692001650a4",
                            "description": "Allow ssh \u0026 consul inbound traffic",
                            "egress.#": "1",
                            "egress.2049434831.cidr_blocks.#": "1",
                            "egress.2049434831.cidr_blocks.0": "0.0.0.0/0",
                            "egress.2049434831.description": "Allow all outside security group",
                            "egress.2049434831.from_port": "0",
                            "egress.2049434831.ipv6_cidr_blocks.#": "0",
                            "egress.2049434831.prefix_list_ids.#": "0",
                            "egress.2049434831.protocol": "-1",
                            "egress.2049434831.security_groups.#": "0",
                            "egress.2049434831.self": "false",
                            "egress.2049434831.to_port": "0",
                            "id": "sg-054a97692001650a4",
                            "ingress.#": "3",
                            "ingress.3406622939.cidr_blocks.#": "1",
                            "ingress.3406622939.cidr_blocks.0": "0.0.0.0/0",
                            "ingress.3406622939.description": "Allow consul UI access from the world",
                            "ingress.3406622939.from_port": "8500",
                            "ingress.3406622939.ipv6_cidr_blocks.#": "0",
                            "ingress.3406622939.prefix_list_ids.#": "0",
                            "ingress.3406622939.protocol": "tcp",
                            "ingress.3406622939.security_groups.#": "0",
                            "ingress.3406622939.self": "false",
                            "ingress.3406622939.to_port": "8500",
                            "ingress.4044943731.cidr_blocks.#": "1",
                            "ingress.4044943731.cidr_blocks.0": "0.0.0.0/0",
                            "ingress.4044943731.description": "Allow ssh from the world",
                            "ingress.4044943731.from_port": "22",
                            "ingress.4044943731.ipv6_cidr_blocks.#": "0",
                            "ingress.4044943731.prefix_list_ids.#": "0",
                            "ingress.4044943731.protocol": "tcp",
                            "ingress.4044943731.security_groups.#": "0",
                            "ingress.4044943731.self": "false",
                            "ingress.4044943731.to_port": "22",
                            "ingress.994307033.cidr_blocks.#": "0",
                            "ingress.994307033.description": "Allow all inside security group",
                            "ingress.994307033.from_port": "0",
                            "ingress.994307033.ipv6_cidr_blocks.#": "0",
                            "ingress.994307033.prefix_list_ids.#": "0",
                            "ingress.994307033.protocol": "-1",
                            "ingress.994307033.security_groups.#": "0",
                            "ingress.994307033.self": "true",
                            "ingress.994307033.to_port": "0",
                            "name": "sg_consul",
                            "owner_id": "230617609085",
                            "revoke_rules_on_delete": "false",
                            "tags.%": "0",
                            "vpc_id": "vpc-01bfeea0ea428b7cf"
                        },
                        "meta": {
                            "e2bfb730-ecaa-11e6-8f88-34363bc7c4c0": {
                                "create": 600000000000,
                                "delete": 600000000000
                            },
                            "schema_version": "1"
                        },
                        "tainted": false
                    },
                    "deposed": [],
                    "provider": "provider.aws"
                },
                "aws_security_group.sg_default": {
                    "type": "aws_security_group",
                    "depends_on": [
                        "aws_vpc.MyVPC"
                    ],
                    "primary": {
                        "id": "sg-009a2537281d9ff14",
                        "attributes": {
                            "arn": "arn:aws:ec2:us-east-1:230617609085:security-group/sg-009a2537281d9ff14",
                            "description": "Managed by Terraform",
                            "egress.#": "1",
                            "egress.482069346.cidr_blocks.#": "1",
                            "egress.482069346.cidr_blocks.0": "0.0.0.0/0",
                            "egress.482069346.description": "",
                            "egress.482069346.from_port": "0",
                            "egress.482069346.ipv6_cidr_blocks.#": "0",
                            "egress.482069346.prefix_list_ids.#": "0",
                            "egress.482069346.protocol": "-1",
                            "egress.482069346.security_groups.#": "0",
                            "egress.482069346.self": "false",
                            "egress.482069346.to_port": "0",
                            "id": "sg-009a2537281d9ff14",
                            "ingress.#": "10",
                            "ingress.1746620816.cidr_blocks.#": "1",
                            "ingress.1746620816.cidr_blocks.0": "0.0.0.0/0",
                            "ingress.1746620816.description": "",
                            "ingress.1746620816.from_port": "9100",
                            "ingress.1746620816.ipv6_cidr_blocks.#": "0",
                            "ingress.1746620816.prefix_list_ids.#": "0",
                            "ingress.1746620816.protocol": "tcp",
                            "ingress.1746620816.security_groups.#": "0",
                            "ingress.1746620816.self": "false",
                            "ingress.1746620816.to_port": "9100",
                            "ingress.1994621032.cidr_blocks.#": "1",
                            "ingress.1994621032.cidr_blocks.0": "0.0.0.0/0",
                            "ingress.1994621032.description": "",
                            "ingress.1994621032.from_port": "3000",
                            "ingress.1994621032.ipv6_cidr_blocks.#": "0",
                            "ingress.1994621032.prefix_list_ids.#": "0",
                            "ingress.1994621032.protocol": "tcp",
                            "ingress.1994621032.security_groups.#": "0",
                            "ingress.1994621032.self": "false",
                            "ingress.1994621032.to_port": "3000",
                            "ingress.2214680975.cidr_blocks.#": "1",
                            "ingress.2214680975.cidr_blocks.0": "0.0.0.0/0",
                            "ingress.2214680975.description": "",
                            "ingress.2214680975.from_port": "80",
                            "ingress.2214680975.ipv6_cidr_blocks.#": "0",
                            "ingress.2214680975.prefix_list_ids.#": "0",
                            "ingress.2214680975.protocol": "tcp",
                            "ingress.2214680975.security_groups.#": "0",
                            "ingress.2214680975.self": "false",
                            "ingress.2214680975.to_port": "80",
                            "ingress.2319052179.cidr_blocks.#": "1",
                            "ingress.2319052179.cidr_blocks.0": "0.0.0.0/0",
                            "ingress.2319052179.description": "",
                            "ingress.2319052179.from_port": "9000",
                            "ingress.2319052179.ipv6_cidr_blocks.#": "0",
                            "ingress.2319052179.prefix_list_ids.#": "0",
                            "ingress.2319052179.protocol": "tcp",
                            "ingress.2319052179.security_groups.#": "0",
                            "ingress.2319052179.self": "false",
                            "ingress.2319052179.to_port": "9000",
                            "ingress.2500694996.cidr_blocks.#": "1",
                            "ingress.2500694996.cidr_blocks.0": "0.0.0.0/0",
                            "ingress.2500694996.description": "",
                            "ingress.2500694996.from_port": "9200",
                            "ingress.2500694996.ipv6_cidr_blocks.#": "0",
                            "ingress.2500694996.prefix_list_ids.#": "0",
                            "ingress.2500694996.protocol": "tcp",
                            "ingress.2500694996.security_groups.#": "0",
                            "ingress.2500694996.self": "false",
                            "ingress.2500694996.to_port": "9200",
                            "ingress.2541437006.cidr_blocks.#": "1",
                            "ingress.2541437006.cidr_blocks.0": "0.0.0.0/0",
                            "ingress.2541437006.description": "",
                            "ingress.2541437006.from_port": "22",
                            "ingress.2541437006.ipv6_cidr_blocks.#": "0",
                            "ingress.2541437006.prefix_list_ids.#": "0",
                            "ingress.2541437006.protocol": "tcp",
                            "ingress.2541437006.security_groups.#": "0",
                            "ingress.2541437006.self": "false",
                            "ingress.2541437006.to_port": "22",
                            "ingress.3431095222.cidr_blocks.#": "1",
                            "ingress.3431095222.cidr_blocks.0": "0.0.0.0/0",
                            "ingress.3431095222.description": "",
                            "ingress.3431095222.from_port": "5601",
                            "ingress.3431095222.ipv6_cidr_blocks.#": "0",
                            "ingress.3431095222.prefix_list_ids.#": "0",
                            "ingress.3431095222.protocol": "tcp",
                            "ingress.3431095222.security_groups.#": "0",
                            "ingress.3431095222.self": "false",
                            "ingress.3431095222.to_port": "5601",
                            "ingress.476094592.cidr_blocks.#": "1",
                            "ingress.476094592.cidr_blocks.0": "0.0.0.0/0",
                            "ingress.476094592.description": "",
                            "ingress.476094592.from_port": "65433",
                            "ingress.476094592.ipv6_cidr_blocks.#": "0",
                            "ingress.476094592.prefix_list_ids.#": "0",
                            "ingress.476094592.protocol": "tcp",
                            "ingress.476094592.security_groups.#": "0",
                            "ingress.476094592.self": "false",
                            "ingress.476094592.to_port": "65433",
                            "ingress.501830036.cidr_blocks.#": "1",
                            "ingress.501830036.cidr_blocks.0": "0.0.0.0/0",
                            "ingress.501830036.description": "",
                            "ingress.501830036.from_port": "9090",
                            "ingress.501830036.ipv6_cidr_blocks.#": "0",
                            "ingress.501830036.prefix_list_ids.#": "0",
                            "ingress.501830036.protocol": "tcp",
                            "ingress.501830036.security_groups.#": "0",
                            "ingress.501830036.self": "false",
                            "ingress.501830036.to_port": "9090",
                            "ingress.516175195.cidr_blocks.#": "1",
                            "ingress.516175195.cidr_blocks.0": "0.0.0.0/0",
                            "ingress.516175195.description": "",
                            "ingress.516175195.from_port": "8080",
                            "ingress.516175195.ipv6_cidr_blocks.#": "0",
                            "ingress.516175195.prefix_list_ids.#": "0",
                            "ingress.516175195.protocol": "tcp",
                            "ingress.516175195.security_groups.#": "0",
                            "ingress.516175195.self": "false",
                            "ingress.516175195.to_port": "8080",
                            "name": "sg_default",
                            "owner_id": "230617609085",
                            "revoke_rules_on_delete": "false",
                            "tags.%": "0",
                            "vpc_id": "vpc-01bfeea0ea428b7cf"
                        },
                        "meta": {
                            "e2bfb730-ecaa-11e6-8f88-34363bc7c4c0": {
                                "create": 600000000000,
                                "delete": 600000000000
                            },
                            "schema_version": "1"
                        },
                        "tainted": false
                    },
                    "deposed": [],
                    "provider": "provider.aws"
                },
                "aws_subnet.public_subnet1": {
                    "type": "aws_subnet",
                    "depends_on": [
                        "aws_vpc.MyVPC",
                        "data.aws_availability_zones.available"
                    ],
                    "primary": {
                        "id": "subnet-01756e0051a0cc3b8",
                        "attributes": {
                            "arn": "arn:aws:ec2:us-east-1:230617609085:subnet/subnet-01756e0051a0cc3b8",
                            "assign_ipv6_address_on_creation": "false",
                            "availability_zone": "us-east-1a",
                            "availability_zone_id": "use1-az2",
                            "cidr_block": "10.0.1.0/24",
                            "id": "subnet-01756e0051a0cc3b8",
                            "ipv6_cidr_block": "",
                            "ipv6_cidr_block_association_id": "",
                            "map_public_ip_on_launch": "true",
                            "owner_id": "230617609085",
                            "tags.%": "1",
                            "tags.Name": "public_subnet1",
                            "vpc_id": "vpc-01bfeea0ea428b7cf"
                        },
                        "meta": {
                            "e2bfb730-ecaa-11e6-8f88-34363bc7c4c0": {
                                "create": 600000000000,
                                "delete": 600000000000
                            },
                            "schema_version": "1"
                        },
                        "tainted": false
                    },
                    "deposed": [],
                    "provider": "provider.aws"
                },
                "aws_vpc.MyVPC": {
                    "type": "aws_vpc",
                    "depends_on": [],
                    "primary": {
                        "id": "vpc-01bfeea0ea428b7cf",
                        "attributes": {
                            "arn": "arn:aws:ec2:us-east-1:230617609085:vpc/vpc-01bfeea0ea428b7cf",
                            "assign_generated_ipv6_cidr_block": "false",
                            "cidr_block": "10.0.0.0/16",
                            "default_network_acl_id": "acl-03cb24472c466b5ee",
                            "default_route_table_id": "rtb-02d2be821c040302e",
                            "default_security_group_id": "sg-0bcf6984962715a1e",
                            "dhcp_options_id": "dopt-e3c88598",
                            "enable_classiclink": "false",
                            "enable_classiclink_dns_support": "false",
                            "enable_dns_hostnames": "true",
                            "enable_dns_support": "true",
                            "id": "vpc-01bfeea0ea428b7cf",
                            "instance_tenancy": "default",
                            "ipv6_association_id": "",
                            "ipv6_cidr_block": "",
                            "main_route_table_id": "rtb-02d2be821c040302e",
                            "owner_id": "230617609085",
                            "tags.%": "1",
                            "tags.Name": "MyVPC"
                        },
                        "meta": {
                            "schema_version": "1"
                        },
                        "tainted": false
                    },
                    "deposed": [],
                    "provider": "provider.aws"
                },
                "data.aws_availability_zones.available": {
                    "type": "aws_availability_zones",
                    "depends_on": [],
                    "primary": {
                        "id": "2019-01-29 14:54:32.987985344 +0000 UTC",
                        "attributes": {
                            "id": "2019-01-29 14:54:32.987985344 +0000 UTC",
                            "names.#": "6",
                            "names.0": "us-east-1a",
                            "names.1": "us-east-1b",
                            "names.2": "us-east-1c",
                            "names.3": "us-east-1d",
                            "names.4": "us-east-1e",
                            "names.5": "us-east-1f",
                            "zone_ids.#": "6",
                            "zone_ids.0": "use1-az2",
                            "zone_ids.1": "use1-az4",
                            "zone_ids.2": "use1-az6",
                            "zone_ids.3": "use1-az1",
                            "zone_ids.4": "use1-az3",
                            "zone_ids.5": "use1-az5"
                        },
                        "meta": {},
                        "tainted": false
                    },
                    "deposed": [],
                    "provider": "provider.aws"
                },
                "data.template_cloudinit_config.docker_server_config": {
                    "type": "template_cloudinit_config",
                    "depends_on": [
                        "data.template_file.consul_client_docker.*"
                    ],
                    "primary": {
                        "id": "2712309380",
                        "attributes": {
                            "base64_encode": "true",
                            "gzip": "true",
                            "id": "2712309380",
                            "part.#": "2",
                            "part.0.content": "#!/usr/bin/env bash\nset -e\n\necho \"Grabbing IPs...\"\nPRIVATE_IP=$(curl http://169.254.169.254/latest/meta-data/local-ipv4)\n\necho \"Installing dependencies...\"\nsudo apt-get -qq update \u0026\u003e/dev/null\nsudo apt-get -yqq install unzip \u0026\u003e/dev/null\n\necho \"Fetching Consul...\"\ncd /tmp\ncurl -sLo consul.zip https://releases.hashicorp.com/consul/1.4.0/consul_1.4.0_linux_amd64.zip\n\necho \"Installing Consul...\"\nunzip consul.zip \u003e/dev/null\nsudo chmod +x consul\nsudo mv consul /usr/local/bin/consul\n\n# Setup Consul\nsudo mkdir -p /opt/consul\nsudo mkdir -p /etc/consul.d\nsudo mkdir -p /run/consul\nsudo tee /etc/consul.d/config.json \u003e /dev/null \u003c\u003cEOF\n{\n  \"advertise_addr\": \"$PRIVATE_IP\",\n  \"data_dir\": \"/opt/consul\",\n  \"datacenter\": \"opsschool\",\n  \"encrypt\": \"uDBV4e+LbFW3019YKPxIrg==\",\n  \"disable_remote_exec\": true,\n  \"disable_update_check\": true,\n  \"leave_on_terminate\": true,\n  \"retry_join\": [\"provider=aws tag_key=consul_server tag_value=true\"],\n       \"node_name\": \"docker-server1\",\n     \"enable_script_checks\": true,\n     \"server\": false\n    \n}\nEOF\n\n# Create user \u0026 grant ownership of folders\nsudo useradd consul\nsudo chown -R consul:consul /opt/consul /etc/consul.d /run/consul\n\n\n# Configure consul service\nsudo tee /etc/systemd/system/consul.service \u003e /dev/null \u003c\u003c\"EOF\"\n[Unit]\nDescription=Consul service discovery agent\nRequires=network-online.target\nAfter=network.target\n\n[Service]\nUser=consul\nGroup=consul\nPIDFile=/run/consul/consul.pid\nRestart=on-failure\nEnvironment=GOMAXPROCS=2\nExecStartPre=[ -f \"/run/consul/consul.pid\" ] \u0026\u0026 /usr/bin/rm -f /run/consul/consul.pid\nExecStart=/usr/local/bin/consul agent -pid-file=/run/consul/consul.pid -config-dir=/etc/consul.d\nExecReload=/bin/kill -s HUP $MAINPID\nKillSignal=SIGINT\nTimeoutStopSec=5\n\n[Install]\nWantedBy=multi-user.target\nEOF\n\nsudo systemctl daemon-reload\nsudo systemctl enable consul.service\nsudo systemctl start consul.service\n",
                            "part.0.content_type": "",
                            "part.0.filename": "",
                            "part.0.merge_type": "",
                            "part.1.content": "#!/usr/bin/env bash\n\n# Install Docker-ce\nsudo sed -i 's/us-east-1.ec2.//g' /etc/apt/sources.list\ncurl -fsSL https://download.docker.com/linux/ubuntu/gpg | sudo apt-key add -\nsudo add-apt-repository \"deb [arch=amd64] https://download.docker.com/linux/ubuntu $(lsb_release -cs) stable\"\nsudo apt -qq update \u0026\u003e /dev/null\nsudo apt install -yqq apt-transport-https ca-certificates curl gnupg2 software-properties-common docker-ce \u0026\u003e /dev/null\n\n# Build \u0026 run the dummy container\nsudo mkdir /opt/docker\ncd /opt/docker\nsudo wget https://raw.githubusercontent.com/sharonnavon/project/master/terraform/templates/Dockerfile\nsudo wget -O /opt/docker/my_dummy_exporter.py https://raw.githubusercontent.com/sharonnavon/project/master/terraform/templates/my_dummy_exporter.py\nsudo docker build -t dummyapp .\nsudo docker run --name=dummyapp -v /opt/docker/my_dummy_exporter.py:/tmp/my_dummy_exporter.py -d -p 65433:65433 dummyapp\n\n# Register the dummy app in consul\ncat \u003c\u003c EOF | sudo tee  /etc/consul.d/dummy-65433.json\n{\n  \"service\": {\n    \"name\": \"dummy-65433\",\n    \"id\": \"dummy-65433\",\n    \"port\": 65433,\n    \"check\": {\n      \"name\": \"Port 65433 http check\",\n      \"interval\": \"5s\",\n      \"http\": \"http://localhost:65433\"\n    }\n  }\n}\n\nEOF\n\nsudo systemctl reload consul\n",
                            "part.1.content_type": "",
                            "part.1.filename": "",
                            "part.1.merge_type": "",
                            "rendered": "H4sIAAAAAAAA/8RXbW/bOPJ/TyDfYf5Kkd3F/ik1bdrD+qoF0jz0jG0aI267twgCgybHNhuJZMiRE1+v3/1ASnJsb4q7FwdcgMQR58d51szPJ9YQGuIfVw4HUDcVaSc8FbV+QPVXmNrGKOFXZXYxvDh7e/npw+nx1R8Zi0/8M/qgrRnAYf58j+0xzjdBe2yt2wsTZuj5mZFWaTMfwF+mmjYAyTjhAxWuEtrssQtd45/07/9f0QRfTLUp0CxhKsKCBSTgyBjKhYXsnRfTqTZzGI5CnucZG10NPx9/PJsMR+WzH2XjK1gQuUFRHL7+JX/x6ijvPotKEAYqaiTBlSBRVFaKimu3PPqp1z40gURVRf0KHRqFRmpsDYVGWRCO+Dw6dHcHjVOCEA5+LRQuC9NU1Q5mdXcHutUIjfmHdlvYzuQ5klxEgyfWhKZKpqSCgmrHUjg8vLcgW2HUEcMLg6LwWKEIGPKFCAstrXe5tHXRIovD/Ch/3j1M0sOk0qZ5mIhavT6Kip6IecOF1t8Ns7tRykVtFfz80GHaw3rZPUKqY8pwqmYHYvswRmpcZ6m7dKu0B+6gsI4K+aQESXaSXO3KfGO2bhHi9oX4z0zP8y/BGvgV1oHAmzdnl+fsKwPIhFqiJx1wIpTy2QCyZ4+dlf1/hMSmmSidhBuuPgolGsIkti4EubC2E6KRfuUoSprTt5+P8Of30/PfXz4//OWP30YPQz8vy06LDmJa4cRjbQkn+IAyGwD5BrfEbedN5ALl7aa8QrHEiTUTQl9rIwg3pR7JryZfrDbZAK4z5+1SK/SluA9AYj65xVXZNUxAv0SfTpeiarCMSrKbqCb9ZMYqnBhRRwOZsvIWPW8vHWYdKkOTnA3Sa0ets2HDnwhpr2QDmIkqYDpk31gsCtuHE4/x/WoCejiAuReGwN4b9GGhHdgZzGyl0Ie26hEmlNpqR7mw9wb4VXc46HvzsXjbjbLVS8mF1DiNx76to8Na4k6jhVUgrFX32avrsDsdl51dnmfs+pPRdMNOsc2OtqY82bIASgdpl+hXIOZoiF3hXaM9htIg3Vt/y62ptMGchJ8jseMZoe9l/SG7HrfabtingL6rLnvnbeP6h9Hw9FxXWG6E3gfgtGJXGEh4Kq3hM6GrxiM7M0vtranRUPnu8uL476Ory5Nx+YKdPaAcR/TIY3kNfAbZ01ozuIGDA1jPel9H8Hc8WGstn5wpbXqAO6347PuBAG+HAFfal9vjJBq4wsoKVSa9t7qKUxf+9mkEzy6Ohx9Gw1P2m66qsZ4bUZXj4bvhh4/so67RNjQm68Yoy1eMXXej9Ib9Lgyhersq07rlsTf7mqTmTu3TdoukCpTA2hrukxO7wvY1gu2m2gWlIu1i/jf7mu1Dlwc4bQfD2l1UwDX8EIomcBSB+GGO8kVeFPMf2hdJOCqCbbzEkFc6ULcBZ2H8fr33lL03MU95O3bS0kurrWimjaGmmLs5/BPWq/gWVxAHA++2s1I8Hnt0NmiyfgWZwilcCy8XZdqON/+xLXj2YxWmk24VA5fhp1iKaYWPfGGbK8CfycKaIyTCEH2jWB5nPfHkCEjBZdxOMy0jiYGUlblp3PwFBDuje+GRO29dBGHg0ta1NaD69G/bZfvwttGVggPwjQFaIKimrlexfUhog35zw6Zh2WpKvGTjMaHuI9VZcxJxn881LZppbHnZNlPKWlgIb40RS2sK5+0XlFTUIhD6gtB7MbO+Lghrl2ha0XZOfJ83rPDLTfNFvZokvyf4EHOFPner/74nT1lpfWrdgGnKJac2icI5yLfkMcecx11ZrhF8+W8jGUQG+HSMXEXe8/rV0cuXg/R3bTrW9grnOkazUdhoUpt+NUpB8OYNnF2e969JXGQ7lCld5El74k0tS+omSzaAr6zlAT0FeIR3+z/T6juCGEg2aP3vjnom85X1/KLTO7KeWmSqLLTAnodkOhKupagi9FV4PI/YeNZ9FUg7Y2EDtenKEuwbi7/f2JMTuR3FfcZ2Bynne+xfAQAA//9HRCh2Vw0AAA=="
                        },
                        "meta": {},
                        "tainted": false
                    },
                    "deposed": [],
                    "provider": "provider.template"
                },
                "data.template_cloudinit_config.elk_config": {
                    "type": "template_cloudinit_config",
                    "depends_on": [
                        "data.template_file.consul_client_elk",
                        "data.template_file.elk_install"
                    ],
                    "primary": {
                        "id": "1488536767",
                        "attributes": {
                            "base64_encode": "true",
                            "gzip": "true",
                            "id": "1488536767",
                            "part.#": "2",
                            "part.0.content": "#!/usr/bin/env bash\nset -e\n\necho \"Grabbing IPs...\"\nPRIVATE_IP=$(curl http://169.254.169.254/latest/meta-data/local-ipv4)\n\necho \"Installing dependencies...\"\nsudo apt-get -qq update \u0026\u003e/dev/null\nsudo apt-get -yqq install unzip \u0026\u003e/dev/null\n\necho \"Fetching Consul...\"\ncd /tmp\ncurl -sLo consul.zip https://releases.hashicorp.com/consul/1.4.0/consul_1.4.0_linux_amd64.zip\n\necho \"Installing Consul...\"\nunzip consul.zip \u003e/dev/null\nsudo chmod +x consul\nsudo mv consul /usr/local/bin/consul\n\n# Setup Consul\nsudo mkdir -p /opt/consul\nsudo mkdir -p /etc/consul.d\nsudo mkdir -p /run/consul\nsudo tee /etc/consul.d/config.json \u003e /dev/null \u003c\u003cEOF\n{\n  \"advertise_addr\": \"$PRIVATE_IP\",\n  \"data_dir\": \"/opt/consul\",\n  \"datacenter\": \"opsschool\",\n  \"encrypt\": \"uDBV4e+LbFW3019YKPxIrg==\",\n  \"disable_remote_exec\": true,\n  \"disable_update_check\": true,\n  \"leave_on_terminate\": true,\n  \"retry_join\": [\"provider=aws tag_key=consul_server tag_value=true\"],\n       \"node_name\": \"elk\",\n     \"enable_script_checks\": true,\n     \"server\": false\n    \n}\nEOF\n\n# Create user \u0026 grant ownership of folders\nsudo useradd consul\nsudo chown -R consul:consul /opt/consul /etc/consul.d /run/consul\n\n\n# Configure consul service\nsudo tee /etc/systemd/system/consul.service \u003e /dev/null \u003c\u003c\"EOF\"\n[Unit]\nDescription=Consul service discovery agent\nRequires=network-online.target\nAfter=network.target\n\n[Service]\nUser=consul\nGroup=consul\nPIDFile=/run/consul/consul.pid\nRestart=on-failure\nEnvironment=GOMAXPROCS=2\nExecStartPre=[ -f \"/run/consul/consul.pid\" ] \u0026\u0026 /usr/bin/rm -f /run/consul/consul.pid\nExecStart=/usr/local/bin/consul agent -pid-file=/run/consul/consul.pid -config-dir=/etc/consul.d\nExecReload=/bin/kill -s HUP $MAINPID\nKillSignal=SIGINT\nTimeoutStopSec=5\n\n[Install]\nWantedBy=multi-user.target\nEOF\n\nsudo systemctl daemon-reload\nsudo systemctl enable consul.service\nsudo systemctl start consul.service\n",
                            "part.0.content_type": "",
                            "part.0.filename": "",
                            "part.0.merge_type": "",
                            "part.1.content": "#!/bin/bash\n\n# Install ELK\nsudo sed -i 's/us-east-1.ec2.//g' /etc/apt/sources.list\nwget -qO - https://artifacts.elastic.co/GPG-KEY-elasticsearch | sudo apt-key add -\necho \"deb https://artifacts.elastic.co/packages/6.x/apt stable main\" | sudo tee -a /etc/apt/sources.list.d/elastic-6.x.list\nsudo apt-get -qq update\nsudo apt-get install -y openjdk-8-jre-headless openjdk-8-jdk-headless\nsudo apt-get install -y elasticsearch logstash kibana\nsudo systemctl enable elasticsearch logstash kibana\nsudo systemctl start elasticsearch logstash kibana\n\n\n# Register in consul\ncat \u003c\u003c EOF | sudo tee  /etc/consul.d/elasticsearch-9200.json\n{\n  \"service\": {\n    \"name\": \"elasticsearch-9200\",\n    \"id\": \"elasticsearch-9200\",\n    \"port\": 9200,\n    \"check\": {\n      \"name\": \"Port 9200 http check\",\n      \"interval\": \"5s\",\n      \"http\": \"http://localhost:9200\"\n    }\n  }\n}\n\nEOF\n\ncat \u003c\u003c EOF | sudo tee  /etc/consul.d/kibana-5601.json\n{\n  \"service\": {\n    \"name\": \"kibana-5601\",\n    \"id\": \"kibana-5601\",\n    \"port\": 5601,\n    \"check\": {\n      \"name\": \"Port 5601 http check\",\n      \"interval\": \"5s\",\n      \"http\": \"http://localhost:5601\"\n    }\n  }\n}\n\nEOF\n\nsudo systemctl reload consul\n",
                            "part.1.content_type": "",
                            "part.1.filename": "",
                            "part.1.merge_type": "",
                            "rendered": "H4sIAAAAAAAA/7xWf08bPRL+3xLfYW6p6J163gUOuGuOrUQhcBGlRAm0VyEUOfYkMfHai+0NyfX63U/eHyHJQdVXevVWqsLOPH7mh5+d2VOjPWpPbxY5tiArlJc5sz7J5BzFP2FoCi2YXaTRVeeq/fH69vPZSe9bRMIT/YLWSaNbsBfvbpEtQukqaIssuS3TboSWtjU3QupxC/4+lH4FUAb3OPdJrpjUW+RKZvh//Nt/Sgpnk6HUCeoZDJmbEIceKBKCfGIgurBsOJR6DJ2ui+M4It1e58vJTXvQ6aZv/swLq2Difd5Kkr2j9/H+4UFc/yaKeXQ+ydAzKphniTKcKSrz2cFfGvaOdp4pFfgF5qgFai6xCuQKYYDlno5DQo+PUOSCeYSdD4nAWaILpTYwi8dHkBUjFPo/Ml/D1iHP0fNJCHhqtCtUGYoLSHyWk7Ic6j4Z4JUzcITyXCtJLCpkDl08YW4iubF5zE2WVMhkLz6Id+uHQfkwUFIX8wHLxNFBIHqh5pUUqnxXwm5WySeZEfBuXmMqYzarH6G8x7LD5W3WILINffRFXkeqD02FtEBzSEzuE/6iBz2vPbHY9NlCr53yiOsHwh8jOY4fnNHwAZaFwPFx+/qcfCcAERMztF46HDAhbNSC6M2zsqK/BkgQzUDI0rmS6rOTo/ZYuk3uHJ8YUztRc7vIffAUZx+/HOC7T8Pzr3/b3Xv/7bI779hxmtYs0rGhwoHFzHgc4Bx51AJvC1xzV8ob8Any6apfIZvhwOiBR5tJzTyuei16uxg8GKmjFtxFuTUzKdCm7MmBZ+PBFBdpLRiHdoa2tM6YKjANJNF9oCn/RdoIHGiWhQARqmlUuyLUZYaOW5n7KkO3kkSAVORRC0ZMOSyN5AcJN0G24dRieKkKhxZ2YGyZ9mCeNFo3kTmYEYyMEmhdddUBxoRY0yCfmCcNtFcbW40gn29sXR1rAipTKNVSWGy0HBKWHDfU5RbOYybq34auxm7ILGpfn0fk7lZLf0/OsOqONDo9XYsAQjpuZmgXwMaoPenhYyEtulSjfzJ2So1WUmPsmR2jJycjj7bxNUZy16/Y7smtQ1tfKbmwpsibh27n7FwqTFdKbwrIpSA9dJ5ZnxpNR0yqwiJp65m0RmeofXpxfXXy727v+rSf7pP2HHk/oLsW0zugI4heZo3gHnZ2YDngbRbAr2SwZE1fHCRVe4DmUtDR64UArd58KqRN12dICNBDZZhIS96pVGHUwr9uu/Dm6qTzuds5I5dSqb4ca6bSfuei8/mG3MgMTeH73uR95OkhIXf1/LwnX5n2KD4u0nLH0qDN5k5KcZfyqdTCvQLBMDOa2jKJTWf1GsG6qDZB5SVtYv6QJR06Vi5nsg11/dD+dFkniAKohLcuKRxF5jzdi5Hvx0kyflu9Oiz3iTOF5ehiJZ0nT9VOvQa6XG/Mejli3LsYFXNe8pib5KJ7QS/b32htcsgsn8B/Ybl3p7iAMBBovdwEDn/OmDM+ZWN0yVE8D3mFpobOZ0zqqGEO7zxlL+cei6Smo0fxvCrnlU+FdXvzZUAXYHLUD2JK/0EfLNIJMqHQuVWzmC7Nr7KsN0WZsfPMTWAqh0yzVwT2m85Uevv5kaCIHo6l82hB6mYyc+bh+Bja1+erPd1Y02vM9P3+7m65sqsFXes7asF3Uq2g5fbZPFUvo0iKn/tzY8NODqba0mzU76TZc3WQrrG+BJZqggrXrMNIhr0/YyogD92zPWCDrf4iLafYxDjfKrMoUT9I+P+DVCPil9pUdZoeHu3u/Up/VuDrjXnBUXckmH6pIwH4+3SkzOKFjmxIsJqWjao2Zx2lW+R/AQAA//9bPqC57wwAAA=="
                        },
                        "meta": {},
                        "tainted": false
                    },
                    "deposed": [],
                    "provider": "provider.template"
                },
                "data.template_file.consul_client_docker": {
                    "type": "template_file",
                    "depends_on": [],
                    "primary": {
                        "id": "b8caa6e15c5c801d871e639860edd54f68d4bfa0ce17036c34f65aab9f382972",
                        "attributes": {
                            "id": "b8caa6e15c5c801d871e639860edd54f68d4bfa0ce17036c34f65aab9f382972",
                            "rendered": "#!/usr/bin/env bash\nset -e\n\necho \"Grabbing IPs...\"\nPRIVATE_IP=$(curl http://169.254.169.254/latest/meta-data/local-ipv4)\n\necho \"Installing dependencies...\"\nsudo apt-get -qq update \u0026\u003e/dev/null\nsudo apt-get -yqq install unzip \u0026\u003e/dev/null\n\necho \"Fetching Consul...\"\ncd /tmp\ncurl -sLo consul.zip https://releases.hashicorp.com/consul/1.4.0/consul_1.4.0_linux_amd64.zip\n\necho \"Installing Consul...\"\nunzip consul.zip \u003e/dev/null\nsudo chmod +x consul\nsudo mv consul /usr/local/bin/consul\n\n# Setup Consul\nsudo mkdir -p /opt/consul\nsudo mkdir -p /etc/consul.d\nsudo mkdir -p /run/consul\nsudo tee /etc/consul.d/config.json \u003e /dev/null \u003c\u003cEOF\n{\n  \"advertise_addr\": \"$PRIVATE_IP\",\n  \"data_dir\": \"/opt/consul\",\n  \"datacenter\": \"opsschool\",\n  \"encrypt\": \"uDBV4e+LbFW3019YKPxIrg==\",\n  \"disable_remote_exec\": true,\n  \"disable_update_check\": true,\n  \"leave_on_terminate\": true,\n  \"retry_join\": [\"provider=aws tag_key=consul_server tag_value=true\"],\n       \"node_name\": \"docker-server1\",\n     \"enable_script_checks\": true,\n     \"server\": false\n    \n}\nEOF\n\n# Create user \u0026 grant ownership of folders\nsudo useradd consul\nsudo chown -R consul:consul /opt/consul /etc/consul.d /run/consul\n\n\n# Configure consul service\nsudo tee /etc/systemd/system/consul.service \u003e /dev/null \u003c\u003c\"EOF\"\n[Unit]\nDescription=Consul service discovery agent\nRequires=network-online.target\nAfter=network.target\n\n[Service]\nUser=consul\nGroup=consul\nPIDFile=/run/consul/consul.pid\nRestart=on-failure\nEnvironment=GOMAXPROCS=2\nExecStartPre=[ -f \"/run/consul/consul.pid\" ] \u0026\u0026 /usr/bin/rm -f /run/consul/consul.pid\nExecStart=/usr/local/bin/consul agent -pid-file=/run/consul/consul.pid -config-dir=/etc/consul.d\nExecReload=/bin/kill -s HUP $MAINPID\nKillSignal=SIGINT\nTimeoutStopSec=5\n\n[Install]\nWantedBy=multi-user.target\nEOF\n\nsudo systemctl daemon-reload\nsudo systemctl enable consul.service\nsudo systemctl start consul.service\n",
                            "template": "#!/usr/bin/env bash\nset -e\n\necho \"Grabbing IPs...\"\nPRIVATE_IP=$(curl http://169.254.169.254/latest/meta-data/local-ipv4)\n\necho \"Installing dependencies...\"\nsudo apt-get -qq update \u0026\u003e/dev/null\nsudo apt-get -yqq install unzip \u0026\u003e/dev/null\n\necho \"Fetching Consul...\"\ncd /tmp\ncurl -sLo consul.zip https://releases.hashicorp.com/consul/${consul_version}/consul_${consul_version}_linux_amd64.zip\n\necho \"Installing Consul...\"\nunzip consul.zip \u003e/dev/null\nsudo chmod +x consul\nsudo mv consul /usr/local/bin/consul\n\n# Setup Consul\nsudo mkdir -p /opt/consul\nsudo mkdir -p /etc/consul.d\nsudo mkdir -p /run/consul\nsudo tee /etc/consul.d/config.json \u003e /dev/null \u003c\u003cEOF\n{\n  \"advertise_addr\": \"$PRIVATE_IP\",\n  \"data_dir\": \"/opt/consul\",\n  \"datacenter\": \"opsschool\",\n  \"encrypt\": \"uDBV4e+LbFW3019YKPxIrg==\",\n  \"disable_remote_exec\": true,\n  \"disable_update_check\": true,\n  \"leave_on_terminate\": true,\n  \"retry_join\": [\"provider=aws tag_key=consul_server tag_value=true\"],\n  ${config}\n}\nEOF\n\n# Create user \u0026 grant ownership of folders\nsudo useradd consul\nsudo chown -R consul:consul /opt/consul /etc/consul.d /run/consul\n\n\n# Configure consul service\nsudo tee /etc/systemd/system/consul.service \u003e /dev/null \u003c\u003c\"EOF\"\n[Unit]\nDescription=Consul service discovery agent\nRequires=network-online.target\nAfter=network.target\n\n[Service]\nUser=consul\nGroup=consul\nPIDFile=/run/consul/consul.pid\nRestart=on-failure\nEnvironment=GOMAXPROCS=2\nExecStartPre=[ -f \"/run/consul/consul.pid\" ] \u0026\u0026 /usr/bin/rm -f /run/consul/consul.pid\nExecStart=/usr/local/bin/consul agent -pid-file=/run/consul/consul.pid -config-dir=/etc/consul.d\nExecReload=/bin/kill -s HUP $MAINPID\nKillSignal=SIGINT\nTimeoutStopSec=5\n\n[Install]\nWantedBy=multi-user.target\nEOF\n\nsudo systemctl daemon-reload\nsudo systemctl enable consul.service\nsudo systemctl start consul.service\n",
                            "vars.%": "2",
                            "vars.config": "     \"node_name\": \"docker-server1\",\n     \"enable_script_checks\": true,\n     \"server\": false\n    ",
                            "vars.consul_version": "1.4.0"
                        },
                        "meta": {},
                        "tainted": false
                    },
                    "deposed": [],
                    "provider": "provider.template"
                },
                "data.template_file.consul_client_elk": {
                    "type": "template_file",
                    "depends_on": [],
                    "primary": {
                        "id": "3099c127306cea5361736e8ca77f9c4a5cb670548bc9201a8fea86cb58329b19",
                        "attributes": {
                            "id": "3099c127306cea5361736e8ca77f9c4a5cb670548bc9201a8fea86cb58329b19",
                            "rendered": "#!/usr/bin/env bash\nset -e\n\necho \"Grabbing IPs...\"\nPRIVATE_IP=$(curl http://169.254.169.254/latest/meta-data/local-ipv4)\n\necho \"Installing dependencies...\"\nsudo apt-get -qq update \u0026\u003e/dev/null\nsudo apt-get -yqq install unzip \u0026\u003e/dev/null\n\necho \"Fetching Consul...\"\ncd /tmp\ncurl -sLo consul.zip https://releases.hashicorp.com/consul/1.4.0/consul_1.4.0_linux_amd64.zip\n\necho \"Installing Consul...\"\nunzip consul.zip \u003e/dev/null\nsudo chmod +x consul\nsudo mv consul /usr/local/bin/consul\n\n# Setup Consul\nsudo mkdir -p /opt/consul\nsudo mkdir -p /etc/consul.d\nsudo mkdir -p /run/consul\nsudo tee /etc/consul.d/config.json \u003e /dev/null \u003c\u003cEOF\n{\n  \"advertise_addr\": \"$PRIVATE_IP\",\n  \"data_dir\": \"/opt/consul\",\n  \"datacenter\": \"opsschool\",\n  \"encrypt\": \"uDBV4e+LbFW3019YKPxIrg==\",\n  \"disable_remote_exec\": true,\n  \"disable_update_check\": true,\n  \"leave_on_terminate\": true,\n  \"retry_join\": [\"provider=aws tag_key=consul_server tag_value=true\"],\n       \"node_name\": \"elk\",\n     \"enable_script_checks\": true,\n     \"server\": false\n    \n}\nEOF\n\n# Create user \u0026 grant ownership of folders\nsudo useradd consul\nsudo chown -R consul:consul /opt/consul /etc/consul.d /run/consul\n\n\n# Configure consul service\nsudo tee /etc/systemd/system/consul.service \u003e /dev/null \u003c\u003c\"EOF\"\n[Unit]\nDescription=Consul service discovery agent\nRequires=network-online.target\nAfter=network.target\n\n[Service]\nUser=consul\nGroup=consul\nPIDFile=/run/consul/consul.pid\nRestart=on-failure\nEnvironment=GOMAXPROCS=2\nExecStartPre=[ -f \"/run/consul/consul.pid\" ] \u0026\u0026 /usr/bin/rm -f /run/consul/consul.pid\nExecStart=/usr/local/bin/consul agent -pid-file=/run/consul/consul.pid -config-dir=/etc/consul.d\nExecReload=/bin/kill -s HUP $MAINPID\nKillSignal=SIGINT\nTimeoutStopSec=5\n\n[Install]\nWantedBy=multi-user.target\nEOF\n\nsudo systemctl daemon-reload\nsudo systemctl enable consul.service\nsudo systemctl start consul.service\n",
                            "template": "#!/usr/bin/env bash\nset -e\n\necho \"Grabbing IPs...\"\nPRIVATE_IP=$(curl http://169.254.169.254/latest/meta-data/local-ipv4)\n\necho \"Installing dependencies...\"\nsudo apt-get -qq update \u0026\u003e/dev/null\nsudo apt-get -yqq install unzip \u0026\u003e/dev/null\n\necho \"Fetching Consul...\"\ncd /tmp\ncurl -sLo consul.zip https://releases.hashicorp.com/consul/${consul_version}/consul_${consul_version}_linux_amd64.zip\n\necho \"Installing Consul...\"\nunzip consul.zip \u003e/dev/null\nsudo chmod +x consul\nsudo mv consul /usr/local/bin/consul\n\n# Setup Consul\nsudo mkdir -p /opt/consul\nsudo mkdir -p /etc/consul.d\nsudo mkdir -p /run/consul\nsudo tee /etc/consul.d/config.json \u003e /dev/null \u003c\u003cEOF\n{\n  \"advertise_addr\": \"$PRIVATE_IP\",\n  \"data_dir\": \"/opt/consul\",\n  \"datacenter\": \"opsschool\",\n  \"encrypt\": \"uDBV4e+LbFW3019YKPxIrg==\",\n  \"disable_remote_exec\": true,\n  \"disable_update_check\": true,\n  \"leave_on_terminate\": true,\n  \"retry_join\": [\"provider=aws tag_key=consul_server tag_value=true\"],\n  ${config}\n}\nEOF\n\n# Create user \u0026 grant ownership of folders\nsudo useradd consul\nsudo chown -R consul:consul /opt/consul /etc/consul.d /run/consul\n\n\n# Configure consul service\nsudo tee /etc/systemd/system/consul.service \u003e /dev/null \u003c\u003c\"EOF\"\n[Unit]\nDescription=Consul service discovery agent\nRequires=network-online.target\nAfter=network.target\n\n[Service]\nUser=consul\nGroup=consul\nPIDFile=/run/consul/consul.pid\nRestart=on-failure\nEnvironment=GOMAXPROCS=2\nExecStartPre=[ -f \"/run/consul/consul.pid\" ] \u0026\u0026 /usr/bin/rm -f /run/consul/consul.pid\nExecStart=/usr/local/bin/consul agent -pid-file=/run/consul/consul.pid -config-dir=/etc/consul.d\nExecReload=/bin/kill -s HUP $MAINPID\nKillSignal=SIGINT\nTimeoutStopSec=5\n\n[Install]\nWantedBy=multi-user.target\nEOF\n\nsudo systemctl daemon-reload\nsudo systemctl enable consul.service\nsudo systemctl start consul.service\n",
                            "vars.%": "2",
                            "vars.config": "     \"node_name\": \"elk\",\n     \"enable_script_checks\": true,\n     \"server\": false\n    ",
                            "vars.consul_version": "1.4.0"
                        },
                        "meta": {},
                        "tainted": false
                    },
                    "deposed": [],
                    "provider": "provider.template"
                },
                "data.template_file.elk_install": {
                    "type": "template_file",
                    "depends_on": [],
                    "primary": {
                        "id": "357b884f1321d8faef52f9b4d45fc8cbea1bf71e72f03b61b6c7afd768ccc03c",
                        "attributes": {
                            "id": "357b884f1321d8faef52f9b4d45fc8cbea1bf71e72f03b61b6c7afd768ccc03c",
                            "rendered": "#!/bin/bash\n\n# Install ELK\nsudo sed -i 's/us-east-1.ec2.//g' /etc/apt/sources.list\nwget -qO - https://artifacts.elastic.co/GPG-KEY-elasticsearch | sudo apt-key add -\necho \"deb https://artifacts.elastic.co/packages/6.x/apt stable main\" | sudo tee -a /etc/apt/sources.list.d/elastic-6.x.list\nsudo apt-get -qq update\nsudo apt-get install -y openjdk-8-jre-headless openjdk-8-jdk-headless\nsudo apt-get install -y elasticsearch logstash kibana\nsudo systemctl enable elasticsearch logstash kibana\nsudo systemctl start elasticsearch logstash kibana\n\n\n# Register in consul\ncat \u003c\u003c EOF | sudo tee  /etc/consul.d/elasticsearch-9200.json\n{\n  \"service\": {\n    \"name\": \"elasticsearch-9200\",\n    \"id\": \"elasticsearch-9200\",\n    \"port\": 9200,\n    \"check\": {\n      \"name\": \"Port 9200 http check\",\n      \"interval\": \"5s\",\n      \"http\": \"http://localhost:9200\"\n    }\n  }\n}\n\nEOF\n\ncat \u003c\u003c EOF | sudo tee  /etc/consul.d/kibana-5601.json\n{\n  \"service\": {\n    \"name\": \"kibana-5601\",\n    \"id\": \"kibana-5601\",\n    \"port\": 5601,\n    \"check\": {\n      \"name\": \"Port 5601 http check\",\n      \"interval\": \"5s\",\n      \"http\": \"http://localhost:5601\"\n    }\n  }\n}\n\nEOF\n\nsudo systemctl reload consul\n",
                            "template": "#!/bin/bash\n\n# Install ELK\nsudo sed -i 's/us-east-1.ec2.//g' /etc/apt/sources.list\nwget -qO - https://artifacts.elastic.co/GPG-KEY-elasticsearch | sudo apt-key add -\necho \"deb https://artifacts.elastic.co/packages/6.x/apt stable main\" | sudo tee -a /etc/apt/sources.list.d/elastic-6.x.list\nsudo apt-get -qq update\nsudo apt-get install -y openjdk-8-jre-headless openjdk-8-jdk-headless\nsudo apt-get install -y elasticsearch logstash kibana\nsudo systemctl enable elasticsearch logstash kibana\nsudo systemctl start elasticsearch logstash kibana\n\n\n# Register in consul\ncat \u003c\u003c EOF | sudo tee  /etc/consul.d/elasticsearch-9200.json\n{\n  \"service\": {\n    \"name\": \"elasticsearch-9200\",\n    \"id\": \"elasticsearch-9200\",\n    \"port\": 9200,\n    \"check\": {\n      \"name\": \"Port 9200 http check\",\n      \"interval\": \"5s\",\n      \"http\": \"http://localhost:9200\"\n    }\n  }\n}\n\nEOF\n\ncat \u003c\u003c EOF | sudo tee  /etc/consul.d/kibana-5601.json\n{\n  \"service\": {\n    \"name\": \"kibana-5601\",\n    \"id\": \"kibana-5601\",\n    \"port\": 5601,\n    \"check\": {\n      \"name\": \"Port 5601 http check\",\n      \"interval\": \"5s\",\n      \"http\": \"http://localhost:5601\"\n    }\n  }\n}\n\nEOF\n\nsudo systemctl reload consul\n"
                        },
                        "meta": {},
                        "tainted": false
                    },
                    "deposed": [],
                    "provider": "provider.template"
                }
            },
            "depends_on": []
        }
    ]
}
