{
    "version": 3,
    "terraform_version": "0.11.11",
    "serial": 39,
    "lineage": "d2e60b36-d1c9-0ca8-beea-59cd75ca4776",
    "modules": [
        {
            "path": [
                "root"
            ],
            "outputs": {},
            "resources": {
                "aws_iam_instance_profile.consul_auto_join": {
                    "type": "aws_iam_instance_profile",
                    "depends_on": [
                        "aws_iam_role.consul_auto_join"
                    ],
                    "primary": {
                        "id": "consul_auto_join",
                        "attributes": {
                            "arn": "arn:aws:iam::230617609085:instance-profile/consul_auto_join",
                            "create_date": "2019-02-17T13:44:02Z",
                            "id": "consul_auto_join",
                            "name": "consul_auto_join",
                            "path": "/",
                            "role": "consul_auto_join",
                            "roles.#": "1",
                            "roles.4186901782": "consul_auto_join",
                            "unique_id": "AIPAILVN3ITP56EAPMC7M"
                        },
                        "meta": {},
                        "tainted": false
                    },
                    "deposed": [],
                    "provider": "provider.aws"
                },
                "aws_iam_policy.consul_auto_join": {
                    "type": "aws_iam_policy",
                    "depends_on": [],
                    "primary": {
                        "id": "",
                        "attributes": {},
                        "meta": {},
                        "tainted": false
                    },
                    "deposed": [],
                    "provider": "provider.aws"
                },
                "aws_iam_policy_attachment.consul_auto_join": {
                    "type": "aws_iam_policy_attachment",
                    "depends_on": [
                        "aws_iam_policy.consul_auto_join",
                        "aws_iam_role.consul_auto_join"
                    ],
                    "primary": {
                        "id": "",
                        "attributes": {},
                        "meta": {},
                        "tainted": false
                    },
                    "deposed": [],
                    "provider": "provider.aws"
                },
                "aws_iam_role.consul_auto_join": {
                    "type": "aws_iam_role",
                    "depends_on": [],
                    "primary": {
                        "id": "consul_auto_join",
                        "attributes": {
                            "arn": "arn:aws:iam::230617609085:role/consul_auto_join",
                            "assume_role_policy": "{\"Version\":\"2012-10-17\",\"Statement\":[{\"Sid\":\"\",\"Effect\":\"Allow\",\"Principal\":{\"Service\":\"ec2.amazonaws.com\"},\"Action\":\"sts:AssumeRole\"}]}",
                            "create_date": "2019-02-17T13:44:01Z",
                            "description": "",
                            "force_detach_policies": "false",
                            "id": "consul_auto_join",
                            "max_session_duration": "3600",
                            "name": "consul_auto_join",
                            "path": "/",
                            "tags.%": "0",
                            "unique_id": "AROAIW4R542FVCVXJR35E"
                        },
                        "meta": {},
                        "tainted": false
                    },
                    "deposed": [],
                    "provider": "provider.aws"
                },
                "aws_instance.ansible": {
                    "type": "aws_instance",
                    "depends_on": [
                        "aws_iam_instance_profile.consul_auto_join",
                        "aws_security_group.sg_consul",
                        "aws_security_group.sg_default",
                        "aws_subnet.public_subnet1",
                        "data.template_file.ansible"
                    ],
                    "primary": {
                        "id": "i-06032a3c05c012625",
                        "attributes": {
                            "ami": "ami-0f9cf087c1f27d9b1",
                            "arn": "arn:aws:ec2:us-east-1:230617609085:instance/i-06032a3c05c012625",
                            "associate_public_ip_address": "true",
                            "availability_zone": "us-east-1a",
                            "cpu_core_count": "1",
                            "cpu_threads_per_core": "1",
                            "credit_specification.#": "1",
                            "credit_specification.0.cpu_credits": "standard",
                            "disable_api_termination": "false",
                            "ebs_block_device.#": "0",
                            "ebs_optimized": "false",
                            "ephemeral_block_device.#": "0",
                            "get_password_data": "false",
                            "iam_instance_profile": "consul_auto_join",
                            "id": "i-06032a3c05c012625",
                            "instance_state": "running",
                            "instance_type": "t2.micro",
                            "ipv6_addresses.#": "0",
                            "key_name": "aws_ec2",
                            "monitoring": "false",
                            "network_interface.#": "0",
                            "network_interface_id": "eni-0880e86081721d00a",
                            "password_data": "",
                            "placement_group": "",
                            "primary_network_interface_id": "eni-0880e86081721d00a",
                            "private_dns": "ip-10-0-1-95.ec2.internal",
                            "private_ip": "10.0.1.95",
                            "public_dns": "ec2-54-172-186-4.compute-1.amazonaws.com",
                            "public_ip": "54.172.186.4",
                            "root_block_device.#": "1",
                            "root_block_device.0.delete_on_termination": "true",
                            "root_block_device.0.iops": "100",
                            "root_block_device.0.volume_id": "vol-06a594e8b36addc45",
                            "root_block_device.0.volume_size": "8",
                            "root_block_device.0.volume_type": "gp2",
                            "security_groups.#": "0",
                            "source_dest_check": "true",
                            "subnet_id": "subnet-0a5c604c1adfd0e7b",
                            "tags.%": "1",
                            "tags.Name": "ansible",
                            "tenancy": "default",
                            "user_data": "b9ca9ed78a81351a4bdafc0a45be7708fdbb079d",
                            "volume_tags.%": "0",
                            "vpc_security_group_ids.#": "2",
                            "vpc_security_group_ids.2361850490": "sg-0911d5eec0e2930ca",
                            "vpc_security_group_ids.2391488360": "sg-03ab0db743eec3e32"
                        },
                        "meta": {
                            "e2bfb730-ecaa-11e6-8f88-34363bc7c4c0": {
                                "create": 600000000000,
                                "delete": 1200000000000,
                                "update": 600000000000
                            },
                            "schema_version": "1"
                        },
                        "tainted": false
                    },
                    "deposed": [],
                    "provider": "provider.aws"
                },
                "aws_instance.prometheus": {
                    "type": "aws_instance",
                    "depends_on": [
                        "aws_iam_instance_profile.consul_auto_join",
                        "aws_security_group.sg_consul",
                        "aws_security_group.sg_default",
                        "aws_subnet.public_subnet1"
                    ],
                    "primary": {
                        "id": "i-0ab349be669ca26d5",
                        "attributes": {
                            "ami": "ami-0f9cf087c1f27d9b1",
                            "arn": "arn:aws:ec2:us-east-1:230617609085:instance/i-0ab349be669ca26d5",
                            "associate_public_ip_address": "true",
                            "availability_zone": "us-east-1a",
                            "cpu_core_count": "1",
                            "cpu_threads_per_core": "1",
                            "credit_specification.#": "1",
                            "credit_specification.0.cpu_credits": "standard",
                            "disable_api_termination": "false",
                            "ebs_block_device.#": "0",
                            "ebs_optimized": "false",
                            "ephemeral_block_device.#": "0",
                            "get_password_data": "false",
                            "iam_instance_profile": "consul_auto_join",
                            "id": "i-0ab349be669ca26d5",
                            "instance_state": "running",
                            "instance_type": "t2.micro",
                            "ipv6_addresses.#": "0",
                            "key_name": "aws_ec2",
                            "monitoring": "false",
                            "network_interface.#": "0",
                            "network_interface_id": "eni-0d7dac2687999058b",
                            "password_data": "",
                            "placement_group": "",
                            "primary_network_interface_id": "eni-0d7dac2687999058b",
                            "private_dns": "ip-10-0-1-192.ec2.internal",
                            "private_ip": "10.0.1.192",
                            "public_dns": "ec2-107-21-153-85.compute-1.amazonaws.com",
                            "public_ip": "107.21.153.85",
                            "root_block_device.#": "1",
                            "root_block_device.0.delete_on_termination": "true",
                            "root_block_device.0.iops": "100",
                            "root_block_device.0.volume_id": "vol-0ec477c9e667d538f",
                            "root_block_device.0.volume_size": "8",
                            "root_block_device.0.volume_type": "gp2",
                            "security_groups.#": "0",
                            "source_dest_check": "true",
                            "subnet_id": "subnet-0a5c604c1adfd0e7b",
                            "tags.%": "1",
                            "tags.Name": "prometheus",
                            "tenancy": "default",
                            "user_data": "33245e6948f9e84f215dc27dd2487ac90f6bf707",
                            "volume_tags.%": "0",
                            "vpc_security_group_ids.#": "2",
                            "vpc_security_group_ids.2361850490": "sg-0911d5eec0e2930ca",
                            "vpc_security_group_ids.2391488360": "sg-03ab0db743eec3e32"
                        },
                        "meta": {
                            "e2bfb730-ecaa-11e6-8f88-34363bc7c4c0": {
                                "create": 600000000000,
                                "delete": 1200000000000,
                                "update": 600000000000
                            },
                            "schema_version": "1"
                        },
                        "tainted": false
                    },
                    "deposed": [],
                    "provider": "provider.aws"
                },
                "aws_internet_gateway.igw": {
                    "type": "aws_internet_gateway",
                    "depends_on": [
                        "aws_vpc.MyVPC"
                    ],
                    "primary": {
                        "id": "igw-0ecec53588304050c",
                        "attributes": {
                            "id": "igw-0ecec53588304050c",
                            "owner_id": "230617609085",
                            "tags.%": "0",
                            "vpc_id": "vpc-097ad65b13532f5da"
                        },
                        "meta": {},
                        "tainted": false
                    },
                    "deposed": [],
                    "provider": "provider.aws"
                },
                "aws_route_table.rtb_public": {
                    "type": "aws_route_table",
                    "depends_on": [
                        "aws_internet_gateway.igw",
                        "aws_vpc.MyVPC"
                    ],
                    "primary": {
                        "id": "",
                        "attributes": {},
                        "meta": {},
                        "tainted": false
                    },
                    "deposed": [],
                    "provider": "provider.aws"
                },
                "aws_route_table_association.rta-public_subnet1": {
                    "type": "aws_route_table_association",
                    "depends_on": [
                        "aws_route_table.rtb_public",
                        "aws_subnet.public_subnet1"
                    ],
                    "primary": {
                        "id": "",
                        "attributes": {},
                        "meta": {},
                        "tainted": false
                    },
                    "deposed": [],
                    "provider": "provider.aws"
                },
                "aws_security_group.sg_consul": {
                    "type": "aws_security_group",
                    "depends_on": [
                        "aws_vpc.MyVPC"
                    ],
                    "primary": {
                        "id": "sg-03ab0db743eec3e32",
                        "attributes": {
                            "arn": "arn:aws:ec2:us-east-1:230617609085:security-group/sg-03ab0db743eec3e32",
                            "description": "Allow ssh \u0026 consul inbound traffic",
                            "egress.#": "1",
                            "egress.2049434831.cidr_blocks.#": "1",
                            "egress.2049434831.cidr_blocks.0": "0.0.0.0/0",
                            "egress.2049434831.description": "Allow all outside security group",
                            "egress.2049434831.from_port": "0",
                            "egress.2049434831.ipv6_cidr_blocks.#": "0",
                            "egress.2049434831.prefix_list_ids.#": "0",
                            "egress.2049434831.protocol": "-1",
                            "egress.2049434831.security_groups.#": "0",
                            "egress.2049434831.self": "false",
                            "egress.2049434831.to_port": "0",
                            "id": "sg-03ab0db743eec3e32",
                            "ingress.#": "3",
                            "ingress.3406622939.cidr_blocks.#": "1",
                            "ingress.3406622939.cidr_blocks.0": "0.0.0.0/0",
                            "ingress.3406622939.description": "Allow consul UI access from the world",
                            "ingress.3406622939.from_port": "8500",
                            "ingress.3406622939.ipv6_cidr_blocks.#": "0",
                            "ingress.3406622939.prefix_list_ids.#": "0",
                            "ingress.3406622939.protocol": "tcp",
                            "ingress.3406622939.security_groups.#": "0",
                            "ingress.3406622939.self": "false",
                            "ingress.3406622939.to_port": "8500",
                            "ingress.4044943731.cidr_blocks.#": "1",
                            "ingress.4044943731.cidr_blocks.0": "0.0.0.0/0",
                            "ingress.4044943731.description": "Allow ssh from the world",
                            "ingress.4044943731.from_port": "22",
                            "ingress.4044943731.ipv6_cidr_blocks.#": "0",
                            "ingress.4044943731.prefix_list_ids.#": "0",
                            "ingress.4044943731.protocol": "tcp",
                            "ingress.4044943731.security_groups.#": "0",
                            "ingress.4044943731.self": "false",
                            "ingress.4044943731.to_port": "22",
                            "ingress.994307033.cidr_blocks.#": "0",
                            "ingress.994307033.description": "Allow all inside security group",
                            "ingress.994307033.from_port": "0",
                            "ingress.994307033.ipv6_cidr_blocks.#": "0",
                            "ingress.994307033.prefix_list_ids.#": "0",
                            "ingress.994307033.protocol": "-1",
                            "ingress.994307033.security_groups.#": "0",
                            "ingress.994307033.self": "true",
                            "ingress.994307033.to_port": "0",
                            "name": "sg_consul",
                            "owner_id": "230617609085",
                            "revoke_rules_on_delete": "false",
                            "tags.%": "0",
                            "vpc_id": "vpc-097ad65b13532f5da"
                        },
                        "meta": {
                            "e2bfb730-ecaa-11e6-8f88-34363bc7c4c0": {
                                "create": 600000000000,
                                "delete": 600000000000
                            },
                            "schema_version": "1"
                        },
                        "tainted": false
                    },
                    "deposed": [],
                    "provider": "provider.aws"
                },
                "aws_security_group.sg_default": {
                    "type": "aws_security_group",
                    "depends_on": [
                        "aws_vpc.MyVPC"
                    ],
                    "primary": {
                        "id": "sg-0911d5eec0e2930ca",
                        "attributes": {
                            "arn": "arn:aws:ec2:us-east-1:230617609085:security-group/sg-0911d5eec0e2930ca",
                            "description": "Managed by Terraform",
                            "egress.#": "1",
                            "egress.482069346.cidr_blocks.#": "1",
                            "egress.482069346.cidr_blocks.0": "0.0.0.0/0",
                            "egress.482069346.description": "",
                            "egress.482069346.from_port": "0",
                            "egress.482069346.ipv6_cidr_blocks.#": "0",
                            "egress.482069346.prefix_list_ids.#": "0",
                            "egress.482069346.protocol": "-1",
                            "egress.482069346.security_groups.#": "0",
                            "egress.482069346.self": "false",
                            "egress.482069346.to_port": "0",
                            "id": "sg-0911d5eec0e2930ca",
                            "ingress.#": "11",
                            "ingress.1746620816.cidr_blocks.#": "1",
                            "ingress.1746620816.cidr_blocks.0": "0.0.0.0/0",
                            "ingress.1746620816.description": "",
                            "ingress.1746620816.from_port": "9100",
                            "ingress.1746620816.ipv6_cidr_blocks.#": "0",
                            "ingress.1746620816.prefix_list_ids.#": "0",
                            "ingress.1746620816.protocol": "tcp",
                            "ingress.1746620816.security_groups.#": "0",
                            "ingress.1746620816.self": "false",
                            "ingress.1746620816.to_port": "9100",
                            "ingress.1994621032.cidr_blocks.#": "1",
                            "ingress.1994621032.cidr_blocks.0": "0.0.0.0/0",
                            "ingress.1994621032.description": "",
                            "ingress.1994621032.from_port": "3000",
                            "ingress.1994621032.ipv6_cidr_blocks.#": "0",
                            "ingress.1994621032.prefix_list_ids.#": "0",
                            "ingress.1994621032.protocol": "tcp",
                            "ingress.1994621032.security_groups.#": "0",
                            "ingress.1994621032.self": "false",
                            "ingress.1994621032.to_port": "3000",
                            "ingress.2214680975.cidr_blocks.#": "1",
                            "ingress.2214680975.cidr_blocks.0": "0.0.0.0/0",
                            "ingress.2214680975.description": "",
                            "ingress.2214680975.from_port": "80",
                            "ingress.2214680975.ipv6_cidr_blocks.#": "0",
                            "ingress.2214680975.prefix_list_ids.#": "0",
                            "ingress.2214680975.protocol": "tcp",
                            "ingress.2214680975.security_groups.#": "0",
                            "ingress.2214680975.self": "false",
                            "ingress.2214680975.to_port": "80",
                            "ingress.2319052179.cidr_blocks.#": "1",
                            "ingress.2319052179.cidr_blocks.0": "0.0.0.0/0",
                            "ingress.2319052179.description": "",
                            "ingress.2319052179.from_port": "9000",
                            "ingress.2319052179.ipv6_cidr_blocks.#": "0",
                            "ingress.2319052179.prefix_list_ids.#": "0",
                            "ingress.2319052179.protocol": "tcp",
                            "ingress.2319052179.security_groups.#": "0",
                            "ingress.2319052179.self": "false",
                            "ingress.2319052179.to_port": "9000",
                            "ingress.2500694996.cidr_blocks.#": "1",
                            "ingress.2500694996.cidr_blocks.0": "0.0.0.0/0",
                            "ingress.2500694996.description": "",
                            "ingress.2500694996.from_port": "9200",
                            "ingress.2500694996.ipv6_cidr_blocks.#": "0",
                            "ingress.2500694996.prefix_list_ids.#": "0",
                            "ingress.2500694996.protocol": "tcp",
                            "ingress.2500694996.security_groups.#": "0",
                            "ingress.2500694996.self": "false",
                            "ingress.2500694996.to_port": "9200",
                            "ingress.2541437006.cidr_blocks.#": "1",
                            "ingress.2541437006.cidr_blocks.0": "0.0.0.0/0",
                            "ingress.2541437006.description": "",
                            "ingress.2541437006.from_port": "22",
                            "ingress.2541437006.ipv6_cidr_blocks.#": "0",
                            "ingress.2541437006.prefix_list_ids.#": "0",
                            "ingress.2541437006.protocol": "tcp",
                            "ingress.2541437006.security_groups.#": "0",
                            "ingress.2541437006.self": "false",
                            "ingress.2541437006.to_port": "22",
                            "ingress.2937129820.cidr_blocks.#": "1",
                            "ingress.2937129820.cidr_blocks.0": "0.0.0.0/0",
                            "ingress.2937129820.description": "",
                            "ingress.2937129820.from_port": "5044",
                            "ingress.2937129820.ipv6_cidr_blocks.#": "0",
                            "ingress.2937129820.prefix_list_ids.#": "0",
                            "ingress.2937129820.protocol": "tcp",
                            "ingress.2937129820.security_groups.#": "0",
                            "ingress.2937129820.self": "false",
                            "ingress.2937129820.to_port": "5044",
                            "ingress.3431095222.cidr_blocks.#": "1",
                            "ingress.3431095222.cidr_blocks.0": "0.0.0.0/0",
                            "ingress.3431095222.description": "",
                            "ingress.3431095222.from_port": "5601",
                            "ingress.3431095222.ipv6_cidr_blocks.#": "0",
                            "ingress.3431095222.prefix_list_ids.#": "0",
                            "ingress.3431095222.protocol": "tcp",
                            "ingress.3431095222.security_groups.#": "0",
                            "ingress.3431095222.self": "false",
                            "ingress.3431095222.to_port": "5601",
                            "ingress.476094592.cidr_blocks.#": "1",
                            "ingress.476094592.cidr_blocks.0": "0.0.0.0/0",
                            "ingress.476094592.description": "",
                            "ingress.476094592.from_port": "65433",
                            "ingress.476094592.ipv6_cidr_blocks.#": "0",
                            "ingress.476094592.prefix_list_ids.#": "0",
                            "ingress.476094592.protocol": "tcp",
                            "ingress.476094592.security_groups.#": "0",
                            "ingress.476094592.self": "false",
                            "ingress.476094592.to_port": "65433",
                            "ingress.501830036.cidr_blocks.#": "1",
                            "ingress.501830036.cidr_blocks.0": "0.0.0.0/0",
                            "ingress.501830036.description": "",
                            "ingress.501830036.from_port": "9090",
                            "ingress.501830036.ipv6_cidr_blocks.#": "0",
                            "ingress.501830036.prefix_list_ids.#": "0",
                            "ingress.501830036.protocol": "tcp",
                            "ingress.501830036.security_groups.#": "0",
                            "ingress.501830036.self": "false",
                            "ingress.501830036.to_port": "9090",
                            "ingress.516175195.cidr_blocks.#": "1",
                            "ingress.516175195.cidr_blocks.0": "0.0.0.0/0",
                            "ingress.516175195.description": "",
                            "ingress.516175195.from_port": "8080",
                            "ingress.516175195.ipv6_cidr_blocks.#": "0",
                            "ingress.516175195.prefix_list_ids.#": "0",
                            "ingress.516175195.protocol": "tcp",
                            "ingress.516175195.security_groups.#": "0",
                            "ingress.516175195.self": "false",
                            "ingress.516175195.to_port": "8080",
                            "name": "sg_default",
                            "owner_id": "230617609085",
                            "revoke_rules_on_delete": "false",
                            "tags.%": "0",
                            "vpc_id": "vpc-097ad65b13532f5da"
                        },
                        "meta": {
                            "e2bfb730-ecaa-11e6-8f88-34363bc7c4c0": {
                                "create": 600000000000,
                                "delete": 600000000000
                            },
                            "schema_version": "1"
                        },
                        "tainted": false
                    },
                    "deposed": [],
                    "provider": "provider.aws"
                },
                "aws_subnet.public_subnet1": {
                    "type": "aws_subnet",
                    "depends_on": [
                        "aws_vpc.MyVPC",
                        "data.aws_availability_zones.available"
                    ],
                    "primary": {
                        "id": "subnet-0a5c604c1adfd0e7b",
                        "attributes": {
                            "arn": "arn:aws:ec2:us-east-1:230617609085:subnet/subnet-0a5c604c1adfd0e7b",
                            "assign_ipv6_address_on_creation": "false",
                            "availability_zone": "us-east-1a",
                            "availability_zone_id": "use1-az2",
                            "cidr_block": "10.0.1.0/24",
                            "id": "subnet-0a5c604c1adfd0e7b",
                            "ipv6_cidr_block": "",
                            "ipv6_cidr_block_association_id": "",
                            "map_public_ip_on_launch": "true",
                            "owner_id": "230617609085",
                            "tags.%": "1",
                            "tags.Name": "public_subnet1",
                            "vpc_id": "vpc-097ad65b13532f5da"
                        },
                        "meta": {
                            "e2bfb730-ecaa-11e6-8f88-34363bc7c4c0": {
                                "create": 600000000000,
                                "delete": 600000000000
                            },
                            "schema_version": "1"
                        },
                        "tainted": false
                    },
                    "deposed": [],
                    "provider": "provider.aws"
                },
                "aws_vpc.MyVPC": {
                    "type": "aws_vpc",
                    "depends_on": [],
                    "primary": {
                        "id": "vpc-097ad65b13532f5da",
                        "attributes": {
                            "arn": "arn:aws:ec2:us-east-1:230617609085:vpc/vpc-097ad65b13532f5da",
                            "assign_generated_ipv6_cidr_block": "false",
                            "cidr_block": "10.0.0.0/16",
                            "default_network_acl_id": "acl-07f3ca526fd645a81",
                            "default_route_table_id": "rtb-044ec9c69899acfb3",
                            "default_security_group_id": "sg-0b9ad13a33bfe45fc",
                            "dhcp_options_id": "dopt-e3c88598",
                            "enable_classiclink": "false",
                            "enable_classiclink_dns_support": "false",
                            "enable_dns_hostnames": "true",
                            "enable_dns_support": "true",
                            "id": "vpc-097ad65b13532f5da",
                            "instance_tenancy": "default",
                            "ipv6_association_id": "",
                            "ipv6_cidr_block": "",
                            "main_route_table_id": "rtb-044ec9c69899acfb3",
                            "owner_id": "230617609085",
                            "tags.%": "1",
                            "tags.Name": "MyVPC"
                        },
                        "meta": {
                            "schema_version": "1"
                        },
                        "tainted": false
                    },
                    "deposed": [],
                    "provider": "provider.aws"
                },
                "data.aws_availability_zones.available": {
                    "type": "aws_availability_zones",
                    "depends_on": [],
                    "primary": {
                        "id": "2019-02-17 14:15:02.539270852 +0000 UTC",
                        "attributes": {
                            "id": "2019-02-17 14:15:02.539270852 +0000 UTC",
                            "names.#": "6",
                            "names.0": "us-east-1a",
                            "names.1": "us-east-1b",
                            "names.2": "us-east-1c",
                            "names.3": "us-east-1d",
                            "names.4": "us-east-1e",
                            "names.5": "us-east-1f",
                            "zone_ids.#": "6",
                            "zone_ids.0": "use1-az2",
                            "zone_ids.1": "use1-az4",
                            "zone_ids.2": "use1-az6",
                            "zone_ids.3": "use1-az1",
                            "zone_ids.4": "use1-az3",
                            "zone_ids.5": "use1-az5"
                        },
                        "meta": {},
                        "tainted": false
                    },
                    "deposed": [],
                    "provider": "provider.aws"
                },
                "data.template_file.ansible": {
                    "type": "template_file",
                    "depends_on": [
                        "aws_instance.prometheus"
                    ],
                    "primary": {
                        "id": "95f758d6cca90b3df5f8e2782a62d2d21e76f1ad2585902ee7a9046ec12309b4",
                        "attributes": {
                            "id": "95f758d6cca90b3df5f8e2782a62d2d21e76f1ad2585902ee7a9046ec12309b4",
                            "rendered": "#!/bin/bash\n\nsudo sed -i 's/us-east-1.ec2.//g' /etc/apt/sources.list\nsudo apt-get -qq update\nsudo apt-get install -yqq ansible\nsudo chmod 400 /home/ubuntu/.ssh/aws_ec2.pem\nsudo sed -i '11ihost_key_checking = False' /etc/ansible/ansible.cfg\nsudo sed -i '12istdout_callback = debug' /etc/ansible/ansible.cfg\nsudo sed -i '13inventory = /home/ubuntu/inventory' /etc/ansible/ansible.cfg\ncd /tmp\ngit clone https://github.com/sharonnavon/project.git\n\ncat \u003c\u003c EOF | sudo tee /home/ubuntu/inventory\nprometheus ansible_host=10.0.1.192\n\nEOF\n",
                            "template": "#!/bin/bash\n\nsudo sed -i 's/us-east-1.ec2.//g' /etc/apt/sources.list\nsudo apt-get -qq update\nsudo apt-get install -yqq ansible\nsudo chmod 400 /home/ubuntu/.ssh/aws_ec2.pem\nsudo sed -i '11ihost_key_checking = False' /etc/ansible/ansible.cfg\nsudo sed -i '12istdout_callback = debug' /etc/ansible/ansible.cfg\nsudo sed -i '13inventory = /home/ubuntu/inventory' /etc/ansible/ansible.cfg\ncd /tmp\ngit clone https://github.com/sharonnavon/project.git\n\ncat \u003c\u003c EOF | sudo tee /home/ubuntu/inventory\nprometheus ansible_host=${prometheus_priv_ip}\n\nEOF\n",
                            "vars.%": "1",
                            "vars.prometheus_priv_ip": "10.0.1.192"
                        },
                        "meta": {},
                        "tainted": false
                    },
                    "deposed": [],
                    "provider": "provider.template"
                }
            },
            "depends_on": []
        }
    ]
}
