{
    "version": 3,
    "terraform_version": "0.11.11",
    "serial": 48,
    "lineage": "d2e60b36-d1c9-0ca8-beea-59cd75ca4776",
    "modules": [
        {
            "path": [
                "root"
            ],
            "outputs": {},
            "resources": {
                "aws_iam_instance_profile.consul_auto_join": {
                    "type": "aws_iam_instance_profile",
                    "depends_on": [
                        "aws_iam_role.consul_auto_join"
                    ],
                    "primary": {
                        "id": "consul_auto_join",
                        "attributes": {
                            "arn": "arn:aws:iam::230617609085:instance-profile/consul_auto_join",
                            "create_date": "2019-02-20T10:04:41Z",
                            "id": "consul_auto_join",
                            "name": "consul_auto_join",
                            "path": "/",
                            "role": "consul_auto_join",
                            "roles.#": "0",
                            "unique_id": "AIPAJMZB574EJE36DI7Y4"
                        },
                        "meta": {},
                        "tainted": false
                    },
                    "deposed": [],
                    "provider": "provider.aws"
                },
                "aws_iam_policy.consul_auto_join": {
                    "type": "aws_iam_policy",
                    "depends_on": [],
                    "primary": {
                        "id": "arn:aws:iam::230617609085:policy/consul_auto_join",
                        "attributes": {
                            "arn": "arn:aws:iam::230617609085:policy/consul_auto_join",
                            "description": "Allows Consul nodes to describe instances for joining",
                            "id": "arn:aws:iam::230617609085:policy/consul_auto_join",
                            "name": "consul_auto_join",
                            "path": "/",
                            "policy": "{\n  \"Version\": \"2012-10-17\",\n  \"Statement\": [\n    {\n      \"Effect\": \"Allow\",\n      \"Action\": \"ec2:DescribeInstances\",\n      \"Resource\": \"*\"\n    }\n  ]\n}\n"
                        },
                        "meta": {},
                        "tainted": false
                    },
                    "deposed": [],
                    "provider": "provider.aws"
                },
                "aws_iam_policy_attachment.consul_auto_join": {
                    "type": "aws_iam_policy_attachment",
                    "depends_on": [
                        "aws_iam_policy.consul_auto_join",
                        "aws_iam_role.consul_auto_join"
                    ],
                    "primary": {
                        "id": "consul_auto_join",
                        "attributes": {
                            "groups.#": "0",
                            "id": "consul_auto_join",
                            "name": "consul_auto_join",
                            "policy_arn": "arn:aws:iam::230617609085:policy/consul_auto_join",
                            "roles.#": "1",
                            "roles.4186901782": "consul_auto_join",
                            "users.#": "0"
                        },
                        "meta": {},
                        "tainted": false
                    },
                    "deposed": [],
                    "provider": "provider.aws"
                },
                "aws_iam_role.consul_auto_join": {
                    "type": "aws_iam_role",
                    "depends_on": [],
                    "primary": {
                        "id": "consul_auto_join",
                        "attributes": {
                            "arn": "arn:aws:iam::230617609085:role/consul_auto_join",
                            "assume_role_policy": "{\"Version\":\"2012-10-17\",\"Statement\":[{\"Sid\":\"\",\"Effect\":\"Allow\",\"Principal\":{\"Service\":\"ec2.amazonaws.com\"},\"Action\":\"sts:AssumeRole\"}]}",
                            "create_date": "2019-02-20T10:04:40Z",
                            "description": "",
                            "force_detach_policies": "false",
                            "id": "consul_auto_join",
                            "max_session_duration": "3600",
                            "name": "consul_auto_join",
                            "path": "/",
                            "tags.%": "0",
                            "unique_id": "AROAIWCODBYH6PBPANE4S"
                        },
                        "meta": {},
                        "tainted": false
                    },
                    "deposed": [],
                    "provider": "provider.aws"
                },
                "aws_instance.ansible": {
                    "type": "aws_instance",
                    "depends_on": [
                        "aws_iam_instance_profile.consul_auto_join",
                        "aws_security_group.sg_consul",
                        "aws_security_group.sg_default",
                        "aws_subnet.public_subnet1",
                        "data.template_file.ansible"
                    ],
                    "primary": {
                        "id": "i-09dc8e4cc94000059",
                        "attributes": {
                            "ami": "ami-0f9cf087c1f27d9b1",
                            "arn": "arn:aws:ec2:us-east-1:230617609085:instance/i-09dc8e4cc94000059",
                            "associate_public_ip_address": "true",
                            "availability_zone": "us-east-1a",
                            "cpu_core_count": "1",
                            "cpu_threads_per_core": "1",
                            "credit_specification.#": "1",
                            "credit_specification.0.cpu_credits": "standard",
                            "disable_api_termination": "false",
                            "ebs_block_device.#": "0",
                            "ebs_optimized": "false",
                            "ephemeral_block_device.#": "0",
                            "get_password_data": "false",
                            "iam_instance_profile": "consul_auto_join",
                            "id": "i-09dc8e4cc94000059",
                            "instance_state": "running",
                            "instance_type": "t2.micro",
                            "ipv6_addresses.#": "0",
                            "key_name": "aws_ec2",
                            "monitoring": "false",
                            "network_interface.#": "0",
                            "network_interface_id": "eni-06717f8168a2a0604",
                            "password_data": "",
                            "placement_group": "",
                            "primary_network_interface_id": "eni-06717f8168a2a0604",
                            "private_dns": "ip-10-0-1-240.ec2.internal",
                            "private_ip": "10.0.1.240",
                            "public_dns": "ec2-54-211-13-176.compute-1.amazonaws.com",
                            "public_ip": "54.211.13.176",
                            "root_block_device.#": "1",
                            "root_block_device.0.delete_on_termination": "true",
                            "root_block_device.0.iops": "100",
                            "root_block_device.0.volume_id": "vol-0d18c43d08af0b468",
                            "root_block_device.0.volume_size": "8",
                            "root_block_device.0.volume_type": "gp2",
                            "security_groups.#": "0",
                            "source_dest_check": "true",
                            "subnet_id": "subnet-0240f7c60eabd3f39",
                            "tags.%": "1",
                            "tags.Name": "ansible",
                            "tenancy": "default",
                            "user_data": "2003fc27009e666f1ad386eddbd5a83c8dc41ddf",
                            "volume_tags.%": "0",
                            "vpc_security_group_ids.#": "2",
                            "vpc_security_group_ids.3028189669": "sg-032a6c8af44774170",
                            "vpc_security_group_ids.4164878322": "sg-0ce4d72c613c1f9ef"
                        },
                        "meta": {
                            "e2bfb730-ecaa-11e6-8f88-34363bc7c4c0": {
                                "create": 600000000000,
                                "delete": 1200000000000,
                                "update": 600000000000
                            },
                            "schema_version": "1"
                        },
                        "tainted": false
                    },
                    "deposed": [],
                    "provider": "provider.aws"
                },
                "aws_instance.prometheus": {
                    "type": "aws_instance",
                    "depends_on": [
                        "aws_iam_instance_profile.consul_auto_join",
                        "aws_security_group.sg_consul",
                        "aws_security_group.sg_default",
                        "aws_subnet.public_subnet1"
                    ],
                    "primary": {
                        "id": "i-03c2560eed6af7f58",
                        "attributes": {
                            "ami": "ami-0f9cf087c1f27d9b1",
                            "arn": "arn:aws:ec2:us-east-1:230617609085:instance/i-03c2560eed6af7f58",
                            "associate_public_ip_address": "true",
                            "availability_zone": "us-east-1a",
                            "cpu_core_count": "1",
                            "cpu_threads_per_core": "1",
                            "credit_specification.#": "1",
                            "credit_specification.0.cpu_credits": "standard",
                            "disable_api_termination": "false",
                            "ebs_block_device.#": "0",
                            "ebs_optimized": "false",
                            "ephemeral_block_device.#": "0",
                            "get_password_data": "false",
                            "iam_instance_profile": "consul_auto_join",
                            "id": "i-03c2560eed6af7f58",
                            "instance_state": "running",
                            "instance_type": "t2.micro",
                            "ipv6_addresses.#": "0",
                            "key_name": "aws_ec2",
                            "monitoring": "false",
                            "network_interface.#": "0",
                            "network_interface_id": "eni-039e87b2ae284436d",
                            "password_data": "",
                            "placement_group": "",
                            "primary_network_interface_id": "eni-039e87b2ae284436d",
                            "private_dns": "ip-10-0-1-45.ec2.internal",
                            "private_ip": "10.0.1.45",
                            "public_dns": "ec2-3-93-150-85.compute-1.amazonaws.com",
                            "public_ip": "3.93.150.85",
                            "root_block_device.#": "1",
                            "root_block_device.0.delete_on_termination": "true",
                            "root_block_device.0.iops": "100",
                            "root_block_device.0.volume_id": "vol-006aa6147e632bc18",
                            "root_block_device.0.volume_size": "8",
                            "root_block_device.0.volume_type": "gp2",
                            "security_groups.#": "0",
                            "source_dest_check": "true",
                            "subnet_id": "subnet-0240f7c60eabd3f39",
                            "tags.%": "1",
                            "tags.Name": "prometheus",
                            "tenancy": "default",
                            "user_data": "33245e6948f9e84f215dc27dd2487ac90f6bf707",
                            "volume_tags.%": "0",
                            "vpc_security_group_ids.#": "2",
                            "vpc_security_group_ids.3028189669": "sg-032a6c8af44774170",
                            "vpc_security_group_ids.4164878322": "sg-0ce4d72c613c1f9ef"
                        },
                        "meta": {
                            "e2bfb730-ecaa-11e6-8f88-34363bc7c4c0": {
                                "create": 600000000000,
                                "delete": 1200000000000,
                                "update": 600000000000
                            },
                            "schema_version": "1"
                        },
                        "tainted": false
                    },
                    "deposed": [],
                    "provider": "provider.aws"
                },
                "aws_internet_gateway.igw": {
                    "type": "aws_internet_gateway",
                    "depends_on": [
                        "aws_vpc.MyVPC"
                    ],
                    "primary": {
                        "id": "igw-0c77c5cc64d79c307",
                        "attributes": {
                            "id": "igw-0c77c5cc64d79c307",
                            "owner_id": "230617609085",
                            "tags.%": "0",
                            "vpc_id": "vpc-00fbd29dab39b2fef"
                        },
                        "meta": {},
                        "tainted": false
                    },
                    "deposed": [],
                    "provider": "provider.aws"
                },
                "aws_route_table.rtb_public": {
                    "type": "aws_route_table",
                    "depends_on": [
                        "aws_internet_gateway.igw",
                        "aws_vpc.MyVPC"
                    ],
                    "primary": {
                        "id": "rtb-0cc0e788cab32c06c",
                        "attributes": {
                            "id": "rtb-0cc0e788cab32c06c",
                            "owner_id": "230617609085",
                            "propagating_vgws.#": "0",
                            "route.#": "1",
                            "route.1657450659.cidr_block": "0.0.0.0/0",
                            "route.1657450659.egress_only_gateway_id": "",
                            "route.1657450659.gateway_id": "igw-0c77c5cc64d79c307",
                            "route.1657450659.instance_id": "",
                            "route.1657450659.ipv6_cidr_block": "",
                            "route.1657450659.nat_gateway_id": "",
                            "route.1657450659.network_interface_id": "",
                            "route.1657450659.transit_gateway_id": "",
                            "route.1657450659.vpc_peering_connection_id": "",
                            "tags.%": "1",
                            "tags.Name": "rtb_public",
                            "vpc_id": "vpc-00fbd29dab39b2fef"
                        },
                        "meta": {},
                        "tainted": false
                    },
                    "deposed": [],
                    "provider": "provider.aws"
                },
                "aws_route_table_association.rta-public_subnet1": {
                    "type": "aws_route_table_association",
                    "depends_on": [
                        "aws_route_table.rtb_public",
                        "aws_subnet.public_subnet1"
                    ],
                    "primary": {
                        "id": "rtbassoc-0a494af6cbfd107f0",
                        "attributes": {
                            "id": "rtbassoc-0a494af6cbfd107f0",
                            "route_table_id": "rtb-0cc0e788cab32c06c",
                            "subnet_id": "subnet-0240f7c60eabd3f39"
                        },
                        "meta": {},
                        "tainted": false
                    },
                    "deposed": [],
                    "provider": "provider.aws"
                },
                "aws_security_group.sg_consul": {
                    "type": "aws_security_group",
                    "depends_on": [
                        "aws_vpc.MyVPC"
                    ],
                    "primary": {
                        "id": "sg-032a6c8af44774170",
                        "attributes": {
                            "arn": "arn:aws:ec2:us-east-1:230617609085:security-group/sg-032a6c8af44774170",
                            "description": "Allow ssh \u0026 consul inbound traffic",
                            "egress.#": "1",
                            "egress.2049434831.cidr_blocks.#": "1",
                            "egress.2049434831.cidr_blocks.0": "0.0.0.0/0",
                            "egress.2049434831.description": "Allow all outside security group",
                            "egress.2049434831.from_port": "0",
                            "egress.2049434831.ipv6_cidr_blocks.#": "0",
                            "egress.2049434831.prefix_list_ids.#": "0",
                            "egress.2049434831.protocol": "-1",
                            "egress.2049434831.security_groups.#": "0",
                            "egress.2049434831.self": "false",
                            "egress.2049434831.to_port": "0",
                            "id": "sg-032a6c8af44774170",
                            "ingress.#": "3",
                            "ingress.3406622939.cidr_blocks.#": "1",
                            "ingress.3406622939.cidr_blocks.0": "0.0.0.0/0",
                            "ingress.3406622939.description": "Allow consul UI access from the world",
                            "ingress.3406622939.from_port": "8500",
                            "ingress.3406622939.ipv6_cidr_blocks.#": "0",
                            "ingress.3406622939.prefix_list_ids.#": "0",
                            "ingress.3406622939.protocol": "tcp",
                            "ingress.3406622939.security_groups.#": "0",
                            "ingress.3406622939.self": "false",
                            "ingress.3406622939.to_port": "8500",
                            "ingress.4044943731.cidr_blocks.#": "1",
                            "ingress.4044943731.cidr_blocks.0": "0.0.0.0/0",
                            "ingress.4044943731.description": "Allow ssh from the world",
                            "ingress.4044943731.from_port": "22",
                            "ingress.4044943731.ipv6_cidr_blocks.#": "0",
                            "ingress.4044943731.prefix_list_ids.#": "0",
                            "ingress.4044943731.protocol": "tcp",
                            "ingress.4044943731.security_groups.#": "0",
                            "ingress.4044943731.self": "false",
                            "ingress.4044943731.to_port": "22",
                            "ingress.994307033.cidr_blocks.#": "0",
                            "ingress.994307033.description": "Allow all inside security group",
                            "ingress.994307033.from_port": "0",
                            "ingress.994307033.ipv6_cidr_blocks.#": "0",
                            "ingress.994307033.prefix_list_ids.#": "0",
                            "ingress.994307033.protocol": "-1",
                            "ingress.994307033.security_groups.#": "0",
                            "ingress.994307033.self": "true",
                            "ingress.994307033.to_port": "0",
                            "name": "sg_consul",
                            "owner_id": "230617609085",
                            "revoke_rules_on_delete": "false",
                            "tags.%": "0",
                            "vpc_id": "vpc-00fbd29dab39b2fef"
                        },
                        "meta": {
                            "e2bfb730-ecaa-11e6-8f88-34363bc7c4c0": {
                                "create": 600000000000,
                                "delete": 600000000000
                            },
                            "schema_version": "1"
                        },
                        "tainted": false
                    },
                    "deposed": [],
                    "provider": "provider.aws"
                },
                "aws_security_group.sg_default": {
                    "type": "aws_security_group",
                    "depends_on": [
                        "aws_vpc.MyVPC"
                    ],
                    "primary": {
                        "id": "sg-0ce4d72c613c1f9ef",
                        "attributes": {
                            "arn": "arn:aws:ec2:us-east-1:230617609085:security-group/sg-0ce4d72c613c1f9ef",
                            "description": "Managed by Terraform",
                            "egress.#": "1",
                            "egress.482069346.cidr_blocks.#": "1",
                            "egress.482069346.cidr_blocks.0": "0.0.0.0/0",
                            "egress.482069346.description": "",
                            "egress.482069346.from_port": "0",
                            "egress.482069346.ipv6_cidr_blocks.#": "0",
                            "egress.482069346.prefix_list_ids.#": "0",
                            "egress.482069346.protocol": "-1",
                            "egress.482069346.security_groups.#": "0",
                            "egress.482069346.self": "false",
                            "egress.482069346.to_port": "0",
                            "id": "sg-0ce4d72c613c1f9ef",
                            "ingress.#": "11",
                            "ingress.1746620816.cidr_blocks.#": "1",
                            "ingress.1746620816.cidr_blocks.0": "0.0.0.0/0",
                            "ingress.1746620816.description": "",
                            "ingress.1746620816.from_port": "9100",
                            "ingress.1746620816.ipv6_cidr_blocks.#": "0",
                            "ingress.1746620816.prefix_list_ids.#": "0",
                            "ingress.1746620816.protocol": "tcp",
                            "ingress.1746620816.security_groups.#": "0",
                            "ingress.1746620816.self": "false",
                            "ingress.1746620816.to_port": "9100",
                            "ingress.1994621032.cidr_blocks.#": "1",
                            "ingress.1994621032.cidr_blocks.0": "0.0.0.0/0",
                            "ingress.1994621032.description": "",
                            "ingress.1994621032.from_port": "3000",
                            "ingress.1994621032.ipv6_cidr_blocks.#": "0",
                            "ingress.1994621032.prefix_list_ids.#": "0",
                            "ingress.1994621032.protocol": "tcp",
                            "ingress.1994621032.security_groups.#": "0",
                            "ingress.1994621032.self": "false",
                            "ingress.1994621032.to_port": "3000",
                            "ingress.2214680975.cidr_blocks.#": "1",
                            "ingress.2214680975.cidr_blocks.0": "0.0.0.0/0",
                            "ingress.2214680975.description": "",
                            "ingress.2214680975.from_port": "80",
                            "ingress.2214680975.ipv6_cidr_blocks.#": "0",
                            "ingress.2214680975.prefix_list_ids.#": "0",
                            "ingress.2214680975.protocol": "tcp",
                            "ingress.2214680975.security_groups.#": "0",
                            "ingress.2214680975.self": "false",
                            "ingress.2214680975.to_port": "80",
                            "ingress.2319052179.cidr_blocks.#": "1",
                            "ingress.2319052179.cidr_blocks.0": "0.0.0.0/0",
                            "ingress.2319052179.description": "",
                            "ingress.2319052179.from_port": "9000",
                            "ingress.2319052179.ipv6_cidr_blocks.#": "0",
                            "ingress.2319052179.prefix_list_ids.#": "0",
                            "ingress.2319052179.protocol": "tcp",
                            "ingress.2319052179.security_groups.#": "0",
                            "ingress.2319052179.self": "false",
                            "ingress.2319052179.to_port": "9000",
                            "ingress.2500694996.cidr_blocks.#": "1",
                            "ingress.2500694996.cidr_blocks.0": "0.0.0.0/0",
                            "ingress.2500694996.description": "",
                            "ingress.2500694996.from_port": "9200",
                            "ingress.2500694996.ipv6_cidr_blocks.#": "0",
                            "ingress.2500694996.prefix_list_ids.#": "0",
                            "ingress.2500694996.protocol": "tcp",
                            "ingress.2500694996.security_groups.#": "0",
                            "ingress.2500694996.self": "false",
                            "ingress.2500694996.to_port": "9200",
                            "ingress.2541437006.cidr_blocks.#": "1",
                            "ingress.2541437006.cidr_blocks.0": "0.0.0.0/0",
                            "ingress.2541437006.description": "",
                            "ingress.2541437006.from_port": "22",
                            "ingress.2541437006.ipv6_cidr_blocks.#": "0",
                            "ingress.2541437006.prefix_list_ids.#": "0",
                            "ingress.2541437006.protocol": "tcp",
                            "ingress.2541437006.security_groups.#": "0",
                            "ingress.2541437006.self": "false",
                            "ingress.2541437006.to_port": "22",
                            "ingress.2937129820.cidr_blocks.#": "1",
                            "ingress.2937129820.cidr_blocks.0": "0.0.0.0/0",
                            "ingress.2937129820.description": "",
                            "ingress.2937129820.from_port": "5044",
                            "ingress.2937129820.ipv6_cidr_blocks.#": "0",
                            "ingress.2937129820.prefix_list_ids.#": "0",
                            "ingress.2937129820.protocol": "tcp",
                            "ingress.2937129820.security_groups.#": "0",
                            "ingress.2937129820.self": "false",
                            "ingress.2937129820.to_port": "5044",
                            "ingress.3431095222.cidr_blocks.#": "1",
                            "ingress.3431095222.cidr_blocks.0": "0.0.0.0/0",
                            "ingress.3431095222.description": "",
                            "ingress.3431095222.from_port": "5601",
                            "ingress.3431095222.ipv6_cidr_blocks.#": "0",
                            "ingress.3431095222.prefix_list_ids.#": "0",
                            "ingress.3431095222.protocol": "tcp",
                            "ingress.3431095222.security_groups.#": "0",
                            "ingress.3431095222.self": "false",
                            "ingress.3431095222.to_port": "5601",
                            "ingress.476094592.cidr_blocks.#": "1",
                            "ingress.476094592.cidr_blocks.0": "0.0.0.0/0",
                            "ingress.476094592.description": "",
                            "ingress.476094592.from_port": "65433",
                            "ingress.476094592.ipv6_cidr_blocks.#": "0",
                            "ingress.476094592.prefix_list_ids.#": "0",
                            "ingress.476094592.protocol": "tcp",
                            "ingress.476094592.security_groups.#": "0",
                            "ingress.476094592.self": "false",
                            "ingress.476094592.to_port": "65433",
                            "ingress.501830036.cidr_blocks.#": "1",
                            "ingress.501830036.cidr_blocks.0": "0.0.0.0/0",
                            "ingress.501830036.description": "",
                            "ingress.501830036.from_port": "9090",
                            "ingress.501830036.ipv6_cidr_blocks.#": "0",
                            "ingress.501830036.prefix_list_ids.#": "0",
                            "ingress.501830036.protocol": "tcp",
                            "ingress.501830036.security_groups.#": "0",
                            "ingress.501830036.self": "false",
                            "ingress.501830036.to_port": "9090",
                            "ingress.516175195.cidr_blocks.#": "1",
                            "ingress.516175195.cidr_blocks.0": "0.0.0.0/0",
                            "ingress.516175195.description": "",
                            "ingress.516175195.from_port": "8080",
                            "ingress.516175195.ipv6_cidr_blocks.#": "0",
                            "ingress.516175195.prefix_list_ids.#": "0",
                            "ingress.516175195.protocol": "tcp",
                            "ingress.516175195.security_groups.#": "0",
                            "ingress.516175195.self": "false",
                            "ingress.516175195.to_port": "8080",
                            "name": "sg_default",
                            "owner_id": "230617609085",
                            "revoke_rules_on_delete": "false",
                            "tags.%": "0",
                            "vpc_id": "vpc-00fbd29dab39b2fef"
                        },
                        "meta": {
                            "e2bfb730-ecaa-11e6-8f88-34363bc7c4c0": {
                                "create": 600000000000,
                                "delete": 600000000000
                            },
                            "schema_version": "1"
                        },
                        "tainted": false
                    },
                    "deposed": [],
                    "provider": "provider.aws"
                },
                "aws_subnet.public_subnet1": {
                    "type": "aws_subnet",
                    "depends_on": [
                        "aws_vpc.MyVPC",
                        "data.aws_availability_zones.available"
                    ],
                    "primary": {
                        "id": "subnet-0240f7c60eabd3f39",
                        "attributes": {
                            "arn": "arn:aws:ec2:us-east-1:230617609085:subnet/subnet-0240f7c60eabd3f39",
                            "assign_ipv6_address_on_creation": "false",
                            "availability_zone": "us-east-1a",
                            "availability_zone_id": "use1-az2",
                            "cidr_block": "10.0.1.0/24",
                            "id": "subnet-0240f7c60eabd3f39",
                            "ipv6_cidr_block": "",
                            "ipv6_cidr_block_association_id": "",
                            "map_public_ip_on_launch": "true",
                            "owner_id": "230617609085",
                            "tags.%": "1",
                            "tags.Name": "public_subnet1",
                            "vpc_id": "vpc-00fbd29dab39b2fef"
                        },
                        "meta": {
                            "e2bfb730-ecaa-11e6-8f88-34363bc7c4c0": {
                                "create": 600000000000,
                                "delete": 600000000000
                            },
                            "schema_version": "1"
                        },
                        "tainted": false
                    },
                    "deposed": [],
                    "provider": "provider.aws"
                },
                "aws_vpc.MyVPC": {
                    "type": "aws_vpc",
                    "depends_on": [],
                    "primary": {
                        "id": "vpc-00fbd29dab39b2fef",
                        "attributes": {
                            "arn": "arn:aws:ec2:us-east-1:230617609085:vpc/vpc-00fbd29dab39b2fef",
                            "assign_generated_ipv6_cidr_block": "false",
                            "cidr_block": "10.0.0.0/16",
                            "default_network_acl_id": "acl-0032d13c7633d73b5",
                            "default_route_table_id": "rtb-030f7aec52b879eb0",
                            "default_security_group_id": "sg-0b4dcecf6b8c85cd3",
                            "dhcp_options_id": "dopt-e3c88598",
                            "enable_classiclink": "false",
                            "enable_classiclink_dns_support": "false",
                            "enable_dns_hostnames": "true",
                            "enable_dns_support": "true",
                            "id": "vpc-00fbd29dab39b2fef",
                            "instance_tenancy": "default",
                            "ipv6_association_id": "",
                            "ipv6_cidr_block": "",
                            "main_route_table_id": "rtb-030f7aec52b879eb0",
                            "owner_id": "230617609085",
                            "tags.%": "1",
                            "tags.Name": "MyVPC"
                        },
                        "meta": {
                            "schema_version": "1"
                        },
                        "tainted": false
                    },
                    "deposed": [],
                    "provider": "provider.aws"
                },
                "data.aws_availability_zones.available": {
                    "type": "aws_availability_zones",
                    "depends_on": [],
                    "primary": {
                        "id": "2019-02-20 10:04:34.910132046 +0000 UTC",
                        "attributes": {
                            "id": "2019-02-20 10:04:34.910132046 +0000 UTC",
                            "names.#": "6",
                            "names.0": "us-east-1a",
                            "names.1": "us-east-1b",
                            "names.2": "us-east-1c",
                            "names.3": "us-east-1d",
                            "names.4": "us-east-1e",
                            "names.5": "us-east-1f",
                            "zone_ids.#": "6",
                            "zone_ids.0": "use1-az2",
                            "zone_ids.1": "use1-az4",
                            "zone_ids.2": "use1-az6",
                            "zone_ids.3": "use1-az1",
                            "zone_ids.4": "use1-az3",
                            "zone_ids.5": "use1-az5"
                        },
                        "meta": {},
                        "tainted": false
                    },
                    "deposed": [],
                    "provider": "provider.aws"
                },
                "data.template_file.ansible": {
                    "type": "template_file",
                    "depends_on": [],
                    "primary": {
                        "id": "038ed83b3175853e6511f690f91f9ab04234a4047d7d3ad05233318002ca2543",
                        "attributes": {
                            "id": "038ed83b3175853e6511f690f91f9ab04234a4047d7d3ad05233318002ca2543",
                            "rendered": "#!/bin/bash\n\nsudo sed -i 's/us-east-1.ec2.//g' /etc/apt/sources.list\nsudo apt-get -qq update\nsudo apt-get install -yqq ansible python-pip\nsudo pip install boto\nsudo chmod 400 /home/ubuntu/.ssh/aws_ec2.pem\nsudo sed -i '11ihost_key_checking = False' /etc/ansible/ansible.cfg\nsudo wget -O /etc/ansible/hosts https://raw.githubusercontent.com/ansible/ansible/devel/contrib/inventory/ec2.py\nsudo chmod +x /etc/ansible/hosts\nsudo wget -O /etc/ansible/ec2.ini https://raw.githubusercontent.com/ansible/ansible/devel/contrib/inventory/ec2.ini\nsudo sed -i 's/regions = all/regions = us-east-1/g' /etc/ansible/ec2.ini\nsudo sed -i 's/vpc_destination_variable = ip_address/vpc_destination_variable = private_ip_address/g' /etc/ansible/ec2.ini\n\ncd /tmp\ngit clone https://github.com/sharonnavon/project.git\n",
                            "template": "#!/bin/bash\n\nsudo sed -i 's/us-east-1.ec2.//g' /etc/apt/sources.list\nsudo apt-get -qq update\nsudo apt-get install -yqq ansible python-pip\nsudo pip install boto\nsudo chmod 400 /home/ubuntu/.ssh/aws_ec2.pem\nsudo sed -i '11ihost_key_checking = False' /etc/ansible/ansible.cfg\nsudo wget -O /etc/ansible/hosts https://raw.githubusercontent.com/ansible/ansible/devel/contrib/inventory/ec2.py\nsudo chmod +x /etc/ansible/hosts\nsudo wget -O /etc/ansible/ec2.ini https://raw.githubusercontent.com/ansible/ansible/devel/contrib/inventory/ec2.ini\nsudo sed -i 's/regions = all/regions = us-east-1/g' /etc/ansible/ec2.ini\nsudo sed -i 's/vpc_destination_variable = ip_address/vpc_destination_variable = private_ip_address/g' /etc/ansible/ec2.ini\n\ncd /tmp\ngit clone https://github.com/sharonnavon/project.git\n"
                        },
                        "meta": {},
                        "tainted": false
                    },
                    "deposed": [],
                    "provider": "provider.template"
                }
            },
            "depends_on": []
        }
    ]
}
